// !$*UTF8*$!
{
	archiveVersion = 1;
	classes = {
	};
	objectVersion = 56;
	objects = {

/* Begin PBXBuildFile section */
		8304A0E22CA5123300061B33 /* AuthViewController.swift in Sources */ = {isa = PBXBuildFile; fileRef = 8304A0E12CA5123300061B33 /* AuthViewController.swift */; };
		8304A0E42CA5437800061B33 /* GoogleService-Info-Nomad-LearnerDev.plist in Resources */ = {isa = PBXBuildFile; fileRef = 8304A0E32CA5437800061B33 /* GoogleService-Info-Nomad-LearnerDev.plist */; };
		8304A0E62CA546F700061B33 /* GoogleService-Info-Nomad-Learner.plist in Resources */ = {isa = PBXBuildFile; fileRef = 8304A0E52CA546F700061B33 /* GoogleService-Info-Nomad-Learner.plist */; };
		835BD2F12CA413560088CA02 /* AppDelegate.swift in Sources */ = {isa = PBXBuildFile; fileRef = 835BD2F02CA413560088CA02 /* AppDelegate.swift */; };
		835BD2F32CA413560088CA02 /* SceneDelegate.swift in Sources */ = {isa = PBXBuildFile; fileRef = 835BD2F22CA413560088CA02 /* SceneDelegate.swift */; };
		835BD2FA2CA413570088CA02 /* Assets.xcassets in Resources */ = {isa = PBXBuildFile; fileRef = 835BD2F92CA413570088CA02 /* Assets.xcassets */; };
		835BD2FD2CA413570088CA02 /* Base in Resources */ = {isa = PBXBuildFile; fileRef = 835BD2FC2CA413570088CA02 /* Base */; };
		836180E12CBB68490059937E /* ProfileCollectionView.swift in Sources */ = {isa = PBXBuildFile; fileRef = 836180E02CBB68490059937E /* ProfileCollectionView.swift */; };
		836180E32CBB7E220059937E /* StudyRoomNavigationBar.swift in Sources */ = {isa = PBXBuildFile; fileRef = 836180E22CBB7E220059937E /* StudyRoomNavigationBar.swift */; };
		836180E62CBB81E80059937E /* ScreenSizeProvidable.swift in Sources */ = {isa = PBXBuildFile; fileRef = 836180E52CBB81E80059937E /* ScreenSizeProvidable.swift */; };
		836180E82CBBA1620059937E /* ChatCollectionView.swift in Sources */ = {isa = PBXBuildFile; fileRef = 836180E72CBBA1620059937E /* ChatCollectionView.swift */; };
		836180EA2CBBC1FF0059937E /* ProfileCollectionViewCell.swift in Sources */ = {isa = PBXBuildFile; fileRef = 836180E92CBBC1FF0059937E /* ProfileCollectionViewCell.swift */; };
		836180EC2CBBC20A0059937E /* ChatCollectionViewCell.swift in Sources */ = {isa = PBXBuildFile; fileRef = 836180EB2CBBC20A0059937E /* ChatCollectionViewCell.swift */; };
		836180EE2CBBE2820059937E /* PaddingLabel.swift in Sources */ = {isa = PBXBuildFile; fileRef = 836180ED2CBBE2820059937E /* PaddingLabel.swift */; };
		836180F02CBC93900059937E /* Profile.swift in Sources */ = {isa = PBXBuildFile; fileRef = 836180EF2CBC93900059937E /* Profile.swift */; };
		836180F22CBC9D850059937E /* Message.swift in Sources */ = {isa = PBXBuildFile; fileRef = 836180F12CBC9D850059937E /* Message.swift */; };
		837DE58E2CBA2FDE00819964 /* SafeAreaHeightProvidable.swift in Sources */ = {isa = PBXBuildFile; fileRef = 837DE58D2CBA2FDE00819964 /* SafeAreaHeightProvidable.swift */; };
		837DE5902CBA564A00819964 /* TicketView.swift in Sources */ = {isa = PBXBuildFile; fileRef = 837DE58F2CBA564A00819964 /* TicketView.swift */; };
		837DE5952CBAD11500819964 /* StudyRoomViewController.swift in Sources */ = {isa = PBXBuildFile; fileRef = 837DE5942CBAD11500819964 /* StudyRoomViewController.swift */; };
		837DE5972CBAD12E00819964 /* StudyRoomViewModel.swift in Sources */ = {isa = PBXBuildFile; fileRef = 837DE5962CBAD12E00819964 /* StudyRoomViewModel.swift */; };
		837DE59A2CBAD8D400819964 /* NavigationControllerForStudyVC.swift in Sources */ = {isa = PBXBuildFile; fileRef = 837DE5992CBAD8D400819964 /* NavigationControllerForStudyVC.swift */; };
		838753D22CABE9A3001EE8F1 /* AuthViewModel.swift in Sources */ = {isa = PBXBuildFile; fileRef = 838753D12CABE9A3001EE8F1 /* AuthViewModel.swift */; };
		838753D42CABFDB7001EE8F1 /* AuthInputValidation.swift in Sources */ = {isa = PBXBuildFile; fileRef = 838753D32CABFDB7001EE8F1 /* AuthInputValidation.swift */; };
		838753D62CAC19D1001EE8F1 /* AuthInputValidator.swift in Sources */ = {isa = PBXBuildFile; fileRef = 838753D52CAC19D1001EE8F1 /* AuthInputValidator.swift */; };
		838753D82CACE930001EE8F1 /* ActivityIndicator.swift in Sources */ = {isa = PBXBuildFile; fileRef = 838753D72CACE930001EE8F1 /* ActivityIndicator.swift */; };
		838753DA2CACF2D1001EE8F1 /* KRProgressHUDEnabled.swift in Sources */ = {isa = PBXBuildFile; fileRef = 838753D92CACF2D0001EE8F1 /* KRProgressHUDEnabled.swift */; };
		838753DC2CAD33E2001EE8F1 /* AuthServiceProtocol.swift in Sources */ = {isa = PBXBuildFile; fileRef = 838753DB2CAD33E2001EE8F1 /* AuthServiceProtocol.swift */; };
		838753DE2CAED385001EE8F1 /* ValidationLabel.swift in Sources */ = {isa = PBXBuildFile; fileRef = 838753DD2CAED385001EE8F1 /* ValidationLabel.swift */; };
		838753E22CAF9E53001EE8F1 /* ErrorAlertEnabled.swift in Sources */ = {isa = PBXBuildFile; fileRef = 838753E12CAF9E53001EE8F1 /* ErrorAlertEnabled.swift */; };
		838753E42CB00A4B001EE8F1 /* MapViewController.swift in Sources */ = {isa = PBXBuildFile; fileRef = 838753E32CB00A4B001EE8F1 /* MapViewController.swift */; };
		838753E82CB02B42001EE8F1 /* CurrentUser.swift in Sources */ = {isa = PBXBuildFile; fileRef = 838753E72CB02B42001EE8F1 /* CurrentUser.swift */; };
		838753ED2CB0EEED001EE8F1 /* Router.swift in Sources */ = {isa = PBXBuildFile; fileRef = 838753EC2CB0EEED001EE8F1 /* Router.swift */; };
		83A6D7A92CB3D7B000D18A30 /* UIScrollView.swift in Sources */ = {isa = PBXBuildFile; fileRef = 83A6D7A82CB3D7B000D18A30 /* UIScrollView.swift */; };
		83A6D7AB2CB3D93E00D18A30 /* LocationLabel.swift in Sources */ = {isa = PBXBuildFile; fileRef = 83A6D7AA2CB3D93E00D18A30 /* LocationLabel.swift */; };
		83A6D7AF2CB3F0F800D18A30 /* MapViewModel.swift in Sources */ = {isa = PBXBuildFile; fileRef = 83A6D7AE2CB3F0F800D18A30 /* MapViewModel.swift */; };
		83A6D7B12CB3F39300D18A30 /* LocationCategory.swift in Sources */ = {isa = PBXBuildFile; fileRef = 83A6D7B02CB3F39300D18A30 /* LocationCategory.swift */; };
		83A6D7B32CB3F3E200D18A30 /* LocationCategoryCollectionViewCell.swift in Sources */ = {isa = PBXBuildFile; fileRef = 83A6D7B22CB3F3E100D18A30 /* LocationCategoryCollectionViewCell.swift */; };
		83A6D7B52CB4BF2500D18A30 /* Observable.swift in Sources */ = {isa = PBXBuildFile; fileRef = 83A6D7B42CB4BF2500D18A30 /* Observable.swift */; };
		83A6D7B72CB4D3CF00D18A30 /* LocationCategoryCollectionView.swift in Sources */ = {isa = PBXBuildFile; fileRef = 83A6D7B62CB4D3CF00D18A30 /* LocationCategoryCollectionView.swift */; };
		83A6D7B92CB56C7400D18A30 /* KeyChainManager.swift in Sources */ = {isa = PBXBuildFile; fileRef = 83A6D7B82CB56C7400D18A30 /* KeyChainManager.swift */; };
		83A6D7BB2CB6195E00D18A30 /* ProfileViewController.swift in Sources */ = {isa = PBXBuildFile; fileRef = 83A6D7BA2CB6195E00D18A30 /* ProfileViewController.swift */; };
		83A6D7BD2CB61A8000D18A30 /* ProfileViewModel.swift in Sources */ = {isa = PBXBuildFile; fileRef = 83A6D7BC2CB61A8000D18A30 /* ProfileViewModel.swift */; };
		83A6D7C22CB61E6B00D18A30 /* ProfileView.swift in Sources */ = {isa = PBXBuildFile; fileRef = 83A6D7C12CB61E6B00D18A30 /* ProfileView.swift */; };
		83A6D7C42CB6630700D18A30 /* ProfileNavigationBar.swift in Sources */ = {isa = PBXBuildFile; fileRef = 83A6D7C32CB6630700D18A30 /* ProfileNavigationBar.swift */; };
		83A6D7C62CB682D600D18A30 /* ProfileTopView.swift in Sources */ = {isa = PBXBuildFile; fileRef = 83A6D7C52CB682D500D18A30 /* ProfileTopView.swift */; };
		83A6D7C82CB68A7700D18A30 /* StudyTimeLabel.swift in Sources */ = {isa = PBXBuildFile; fileRef = 83A6D7C72CB68A7700D18A30 /* StudyTimeLabel.swift */; };
		83A6D7CA2CB6B4FC00D18A30 /* ProfileBottomView.swift in Sources */ = {isa = PBXBuildFile; fileRef = 83A6D7C92CB6B4FC00D18A30 /* ProfileBottomView.swift */; };
		83A6D7CC2CB6B85A00D18A30 /* ProfileTableViewCell.swift in Sources */ = {isa = PBXBuildFile; fileRef = 83A6D7CB2CB6B85A00D18A30 /* ProfileTableViewCell.swift */; };
		83A6D7D22CB7D7DD00D18A30 /* ProfileTextView.swift in Sources */ = {isa = PBXBuildFile; fileRef = 83A6D7D12CB7D7DC00D18A30 /* ProfileTextView.swift */; };
		83A6D7D42CB807F100D18A30 /* EditProfileViewController.swift in Sources */ = {isa = PBXBuildFile; fileRef = 83A6D7D32CB807F100D18A30 /* EditProfileViewController.swift */; };
		83A6D7D72CB80C5D00D18A30 /* EditProfileViewModel.swift in Sources */ = {isa = PBXBuildFile; fileRef = 83A6D7D62CB80C5D00D18A30 /* EditProfileViewModel.swift */; };
		83A6D7D92CB80C8F00D18A30 /* EditProfileView.swift in Sources */ = {isa = PBXBuildFile; fileRef = 83A6D7D82CB80C8F00D18A30 /* EditProfileView.swift */; };
		83A6D7DB2CB80D9100D18A30 /* EditProfileViewNavigationBar.swift in Sources */ = {isa = PBXBuildFile; fileRef = 83A6D7DA2CB80D9100D18A30 /* EditProfileViewNavigationBar.swift */; };
		83A6D7DD2CB8195C00D18A30 /* EditProfileTextView.swift in Sources */ = {isa = PBXBuildFile; fileRef = 83A6D7DC2CB8195B00D18A30 /* EditProfileTextView.swift */; };
		83A6D7E02CB8DA8600D18A30 /* DepartViewController.swift in Sources */ = {isa = PBXBuildFile; fileRef = 83A6D7DF2CB8DA8600D18A30 /* DepartViewController.swift */; };
		83A6D7E22CB8F88500D18A30 /* DepartViewModel.swift in Sources */ = {isa = PBXBuildFile; fileRef = 83A6D7E12CB8F88500D18A30 /* DepartViewModel.swift */; };
		83A6D7E42CB8FD4E00D18A30 /* DepartView.swift in Sources */ = {isa = PBXBuildFile; fileRef = 83A6D7E32CB8FD4E00D18A30 /* DepartView.swift */; };
		83A9C2BE2CA7BF2200898F0B /* CustomAuthPickerViewController.swift in Sources */ = {isa = PBXBuildFile; fileRef = 83A9C2BD2CA7BF2200898F0B /* CustomAuthPickerViewController.swift */; };
		83A9C2C02CA7C9B700898F0B /* AuthStackView.swift in Sources */ = {isa = PBXBuildFile; fileRef = 83A9C2BF2CA7C9B700898F0B /* AuthStackView.swift */; };
		83A9C2C22CA7D08500898F0B /* AuthTextField.swift in Sources */ = {isa = PBXBuildFile; fileRef = 83A9C2C12CA7D08500898F0B /* AuthTextField.swift */; };
		83A9C2C52CA7DA5000898F0B /* UILabel.swift in Sources */ = {isa = PBXBuildFile; fileRef = 83A9C2C42CA7DA5000898F0B /* UILabel.swift */; };
		83A9C2C92CA8378C00898F0B /* UIConstants.swift in Sources */ = {isa = PBXBuildFile; fileRef = 83A9C2C82CA8378C00898F0B /* UIConstants.swift */; };
		83AFB3A82CB1A94400501FEE /* MapTabBar.swift in Sources */ = {isa = PBXBuildFile; fileRef = 83AFB3A72CB1A94400501FEE /* MapTabBar.swift */; };
		83AFB3AA2CB2902C00501FEE /* UIView.swift in Sources */ = {isa = PBXBuildFile; fileRef = 83AFB3A92CB2902C00501FEE /* UIView.swift */; };
		83AFB3AC2CB29AC500501FEE /* NavigationBoxBar.swift in Sources */ = {isa = PBXBuildFile; fileRef = 83AFB3AB2CB29AC500501FEE /* NavigationBoxBar.swift */; };
		83AFB3AE2CB2ABD300501FEE /* LocationDetailView.swift in Sources */ = {isa = PBXBuildFile; fileRef = 83AFB3AD2CB2ABD300501FEE /* LocationDetailView.swift */; };
		83AFB3B12CB2B75F00501FEE /* NavigationHeightProvidable.swift in Sources */ = {isa = PBXBuildFile; fileRef = 83AFB3B02CB2B75F00501FEE /* NavigationHeightProvidable.swift */; };
		83C9F3B42CA85BC300CF0D73 /* SeparatorWithLabelView.swift in Sources */ = {isa = PBXBuildFile; fileRef = 83C9F3B32CA85BC300CF0D73 /* SeparatorWithLabelView.swift */; };
		83C9F3B62CA907B900CF0D73 /* ColorCodes.swift in Sources */ = {isa = PBXBuildFile; fileRef = 83C9F3B52CA907B900CF0D73 /* ColorCodes.swift */; };
		83C9F3BA2CA9161300CF0D73 /* UITextField.swift in Sources */ = {isa = PBXBuildFile; fileRef = 83C9F3B92CA9161300CF0D73 /* UITextField.swift */; };
		83C9F3BC2CA931F400CF0D73 /* KeyboardManager.swift in Sources */ = {isa = PBXBuildFile; fileRef = 83C9F3BB2CA931F400CF0D73 /* KeyboardManager.swift */; };
		E1B4908C044C675F5B284480 /* Pods_Nomad_Learner.framework in Frameworks */ = {isa = PBXBuildFile; fileRef = B4FC40ED509727A95F858024 /* Pods_Nomad_Learner.framework */; };
/* End PBXBuildFile section */

/* Begin PBXFileReference section */
		04E2362154E42F3944BE8219 /* Pods-Nomad-Learner.develop.xcconfig */ = {isa = PBXFileReference; includeInIndex = 1; lastKnownFileType = text.xcconfig; name = "Pods-Nomad-Learner.develop.xcconfig"; path = "Target Support Files/Pods-Nomad-Learner/Pods-Nomad-Learner.develop.xcconfig"; sourceTree = "<group>"; };
		8304A0D92CA4F83700061B33 /* Nomad-Learner.entitlements */ = {isa = PBXFileReference; lastKnownFileType = text.plist.entitlements; path = "Nomad-Learner.entitlements"; sourceTree = "<group>"; };
		8304A0E12CA5123300061B33 /* AuthViewController.swift */ = {isa = PBXFileReference; lastKnownFileType = sourcecode.swift; path = AuthViewController.swift; sourceTree = "<group>"; };
		8304A0E32CA5437800061B33 /* GoogleService-Info-Nomad-LearnerDev.plist */ = {isa = PBXFileReference; fileEncoding = 4; lastKnownFileType = text.plist.xml; path = "GoogleService-Info-Nomad-LearnerDev.plist"; sourceTree = "<group>"; };
		8304A0E52CA546F700061B33 /* GoogleService-Info-Nomad-Learner.plist */ = {isa = PBXFileReference; fileEncoding = 4; lastKnownFileType = text.plist.xml; path = "GoogleService-Info-Nomad-Learner.plist"; sourceTree = "<group>"; };
		835BD2ED2CA413560088CA02 /* Nomad-Learner.app */ = {isa = PBXFileReference; explicitFileType = wrapper.application; includeInIndex = 0; path = "Nomad-Learner.app"; sourceTree = BUILT_PRODUCTS_DIR; };
		835BD2F02CA413560088CA02 /* AppDelegate.swift */ = {isa = PBXFileReference; lastKnownFileType = sourcecode.swift; path = AppDelegate.swift; sourceTree = "<group>"; };
		835BD2F22CA413560088CA02 /* SceneDelegate.swift */ = {isa = PBXFileReference; lastKnownFileType = sourcecode.swift; path = SceneDelegate.swift; sourceTree = "<group>"; };
		835BD2F92CA413570088CA02 /* Assets.xcassets */ = {isa = PBXFileReference; lastKnownFileType = folder.assetcatalog; path = Assets.xcassets; sourceTree = "<group>"; };
		835BD2FC2CA413570088CA02 /* Base */ = {isa = PBXFileReference; lastKnownFileType = file.storyboard; name = Base; path = Base.lproj/LaunchScreen.storyboard; sourceTree = "<group>"; };
		835BD2FE2CA413570088CA02 /* Info.plist */ = {isa = PBXFileReference; lastKnownFileType = text.plist.xml; path = Info.plist; sourceTree = "<group>"; };
		836180E02CBB68490059937E /* ProfileCollectionView.swift */ = {isa = PBXFileReference; lastKnownFileType = sourcecode.swift; path = ProfileCollectionView.swift; sourceTree = "<group>"; };
		836180E22CBB7E220059937E /* StudyRoomNavigationBar.swift */ = {isa = PBXFileReference; lastKnownFileType = sourcecode.swift; path = StudyRoomNavigationBar.swift; sourceTree = "<group>"; };
		836180E52CBB81E80059937E /* ScreenSizeProvidable.swift */ = {isa = PBXFileReference; lastKnownFileType = sourcecode.swift; path = ScreenSizeProvidable.swift; sourceTree = "<group>"; };
		836180E72CBBA1620059937E /* ChatCollectionView.swift */ = {isa = PBXFileReference; lastKnownFileType = sourcecode.swift; path = ChatCollectionView.swift; sourceTree = "<group>"; };
		836180E92CBBC1FF0059937E /* ProfileCollectionViewCell.swift */ = {isa = PBXFileReference; lastKnownFileType = sourcecode.swift; path = ProfileCollectionViewCell.swift; sourceTree = "<group>"; };
		836180EB2CBBC20A0059937E /* ChatCollectionViewCell.swift */ = {isa = PBXFileReference; lastKnownFileType = sourcecode.swift; path = ChatCollectionViewCell.swift; sourceTree = "<group>"; };
		836180ED2CBBE2820059937E /* PaddingLabel.swift */ = {isa = PBXFileReference; lastKnownFileType = sourcecode.swift; path = PaddingLabel.swift; sourceTree = "<group>"; };
		836180EF2CBC93900059937E /* Profile.swift */ = {isa = PBXFileReference; lastKnownFileType = sourcecode.swift; path = Profile.swift; sourceTree = "<group>"; };
		836180F12CBC9D850059937E /* Message.swift */ = {isa = PBXFileReference; lastKnownFileType = sourcecode.swift; path = Message.swift; sourceTree = "<group>"; };
		837DE58D2CBA2FDE00819964 /* SafeAreaHeightProvidable.swift */ = {isa = PBXFileReference; lastKnownFileType = sourcecode.swift; path = SafeAreaHeightProvidable.swift; sourceTree = "<group>"; };
		837DE58F2CBA564A00819964 /* TicketView.swift */ = {isa = PBXFileReference; lastKnownFileType = sourcecode.swift; path = TicketView.swift; sourceTree = "<group>"; };
		837DE5942CBAD11500819964 /* StudyRoomViewController.swift */ = {isa = PBXFileReference; lastKnownFileType = sourcecode.swift; path = StudyRoomViewController.swift; sourceTree = "<group>"; };
		837DE5962CBAD12E00819964 /* StudyRoomViewModel.swift */ = {isa = PBXFileReference; lastKnownFileType = sourcecode.swift; path = StudyRoomViewModel.swift; sourceTree = "<group>"; };
		837DE5992CBAD8D400819964 /* NavigationControllerForStudyVC.swift */ = {isa = PBXFileReference; lastKnownFileType = sourcecode.swift; path = NavigationControllerForStudyVC.swift; sourceTree = "<group>"; };
		838753D12CABE9A3001EE8F1 /* AuthViewModel.swift */ = {isa = PBXFileReference; lastKnownFileType = sourcecode.swift; path = AuthViewModel.swift; sourceTree = "<group>"; };
		838753D32CABFDB7001EE8F1 /* AuthInputValidation.swift */ = {isa = PBXFileReference; lastKnownFileType = sourcecode.swift; path = AuthInputValidation.swift; sourceTree = "<group>"; };
		838753D52CAC19D1001EE8F1 /* AuthInputValidator.swift */ = {isa = PBXFileReference; lastKnownFileType = sourcecode.swift; path = AuthInputValidator.swift; sourceTree = "<group>"; };
		838753D72CACE930001EE8F1 /* ActivityIndicator.swift */ = {isa = PBXFileReference; lastKnownFileType = sourcecode.swift; path = ActivityIndicator.swift; sourceTree = "<group>"; };
		838753D92CACF2D0001EE8F1 /* KRProgressHUDEnabled.swift */ = {isa = PBXFileReference; lastKnownFileType = sourcecode.swift; path = KRProgressHUDEnabled.swift; sourceTree = "<group>"; };
		838753DB2CAD33E2001EE8F1 /* AuthServiceProtocol.swift */ = {isa = PBXFileReference; lastKnownFileType = sourcecode.swift; path = AuthServiceProtocol.swift; sourceTree = "<group>"; };
		838753DD2CAED385001EE8F1 /* ValidationLabel.swift */ = {isa = PBXFileReference; lastKnownFileType = sourcecode.swift; path = ValidationLabel.swift; sourceTree = "<group>"; };
		838753E12CAF9E53001EE8F1 /* ErrorAlertEnabled.swift */ = {isa = PBXFileReference; lastKnownFileType = sourcecode.swift; path = ErrorAlertEnabled.swift; sourceTree = "<group>"; };
		838753E32CB00A4B001EE8F1 /* MapViewController.swift */ = {isa = PBXFileReference; lastKnownFileType = sourcecode.swift; path = MapViewController.swift; sourceTree = "<group>"; };
		838753E72CB02B42001EE8F1 /* CurrentUser.swift */ = {isa = PBXFileReference; lastKnownFileType = sourcecode.swift; path = CurrentUser.swift; sourceTree = "<group>"; };
		838753EC2CB0EEED001EE8F1 /* Router.swift */ = {isa = PBXFileReference; lastKnownFileType = sourcecode.swift; path = Router.swift; sourceTree = "<group>"; };
		83A6D7A82CB3D7B000D18A30 /* UIScrollView.swift */ = {isa = PBXFileReference; lastKnownFileType = sourcecode.swift; path = UIScrollView.swift; sourceTree = "<group>"; };
		83A6D7AA2CB3D93E00D18A30 /* LocationLabel.swift */ = {isa = PBXFileReference; lastKnownFileType = sourcecode.swift; path = LocationLabel.swift; sourceTree = "<group>"; };
		83A6D7AE2CB3F0F800D18A30 /* MapViewModel.swift */ = {isa = PBXFileReference; lastKnownFileType = sourcecode.swift; path = MapViewModel.swift; sourceTree = "<group>"; };
		83A6D7B02CB3F39300D18A30 /* LocationCategory.swift */ = {isa = PBXFileReference; lastKnownFileType = sourcecode.swift; path = LocationCategory.swift; sourceTree = "<group>"; };
		83A6D7B22CB3F3E100D18A30 /* LocationCategoryCollectionViewCell.swift */ = {isa = PBXFileReference; lastKnownFileType = sourcecode.swift; path = LocationCategoryCollectionViewCell.swift; sourceTree = "<group>"; };
		83A6D7B42CB4BF2500D18A30 /* Observable.swift */ = {isa = PBXFileReference; lastKnownFileType = sourcecode.swift; path = Observable.swift; sourceTree = "<group>"; };
		83A6D7B62CB4D3CF00D18A30 /* LocationCategoryCollectionView.swift */ = {isa = PBXFileReference; lastKnownFileType = sourcecode.swift; path = LocationCategoryCollectionView.swift; sourceTree = "<group>"; };
		83A6D7B82CB56C7400D18A30 /* KeyChainManager.swift */ = {isa = PBXFileReference; lastKnownFileType = sourcecode.swift; path = KeyChainManager.swift; sourceTree = "<group>"; };
		83A6D7BA2CB6195E00D18A30 /* ProfileViewController.swift */ = {isa = PBXFileReference; lastKnownFileType = sourcecode.swift; path = ProfileViewController.swift; sourceTree = "<group>"; };
		83A6D7BC2CB61A8000D18A30 /* ProfileViewModel.swift */ = {isa = PBXFileReference; lastKnownFileType = sourcecode.swift; path = ProfileViewModel.swift; sourceTree = "<group>"; };
		83A6D7C12CB61E6B00D18A30 /* ProfileView.swift */ = {isa = PBXFileReference; lastKnownFileType = sourcecode.swift; path = ProfileView.swift; sourceTree = "<group>"; };
		83A6D7C32CB6630700D18A30 /* ProfileNavigationBar.swift */ = {isa = PBXFileReference; lastKnownFileType = sourcecode.swift; path = ProfileNavigationBar.swift; sourceTree = "<group>"; };
		83A6D7C52CB682D500D18A30 /* ProfileTopView.swift */ = {isa = PBXFileReference; lastKnownFileType = sourcecode.swift; path = ProfileTopView.swift; sourceTree = "<group>"; };
		83A6D7C72CB68A7700D18A30 /* StudyTimeLabel.swift */ = {isa = PBXFileReference; lastKnownFileType = sourcecode.swift; path = StudyTimeLabel.swift; sourceTree = "<group>"; };
		83A6D7C92CB6B4FC00D18A30 /* ProfileBottomView.swift */ = {isa = PBXFileReference; lastKnownFileType = sourcecode.swift; path = ProfileBottomView.swift; sourceTree = "<group>"; };
		83A6D7CB2CB6B85A00D18A30 /* ProfileTableViewCell.swift */ = {isa = PBXFileReference; lastKnownFileType = sourcecode.swift; path = ProfileTableViewCell.swift; sourceTree = "<group>"; };
		83A6D7D12CB7D7DC00D18A30 /* ProfileTextView.swift */ = {isa = PBXFileReference; lastKnownFileType = sourcecode.swift; path = ProfileTextView.swift; sourceTree = "<group>"; };
		83A6D7D32CB807F100D18A30 /* EditProfileViewController.swift */ = {isa = PBXFileReference; lastKnownFileType = sourcecode.swift; path = EditProfileViewController.swift; sourceTree = "<group>"; };
		83A6D7D62CB80C5D00D18A30 /* EditProfileViewModel.swift */ = {isa = PBXFileReference; lastKnownFileType = sourcecode.swift; path = EditProfileViewModel.swift; sourceTree = "<group>"; };
		83A6D7D82CB80C8F00D18A30 /* EditProfileView.swift */ = {isa = PBXFileReference; lastKnownFileType = sourcecode.swift; path = EditProfileView.swift; sourceTree = "<group>"; };
		83A6D7DA2CB80D9100D18A30 /* EditProfileViewNavigationBar.swift */ = {isa = PBXFileReference; lastKnownFileType = sourcecode.swift; path = EditProfileViewNavigationBar.swift; sourceTree = "<group>"; };
		83A6D7DC2CB8195B00D18A30 /* EditProfileTextView.swift */ = {isa = PBXFileReference; lastKnownFileType = sourcecode.swift; path = EditProfileTextView.swift; sourceTree = "<group>"; };
		83A6D7DF2CB8DA8600D18A30 /* DepartViewController.swift */ = {isa = PBXFileReference; lastKnownFileType = sourcecode.swift; path = DepartViewController.swift; sourceTree = "<group>"; };
		83A6D7E12CB8F88500D18A30 /* DepartViewModel.swift */ = {isa = PBXFileReference; lastKnownFileType = sourcecode.swift; path = DepartViewModel.swift; sourceTree = "<group>"; };
		83A6D7E32CB8FD4E00D18A30 /* DepartView.swift */ = {isa = PBXFileReference; lastKnownFileType = sourcecode.swift; path = DepartView.swift; sourceTree = "<group>"; };
		83A9C2BD2CA7BF2200898F0B /* CustomAuthPickerViewController.swift */ = {isa = PBXFileReference; lastKnownFileType = sourcecode.swift; path = CustomAuthPickerViewController.swift; sourceTree = "<group>"; };
		83A9C2BF2CA7C9B700898F0B /* AuthStackView.swift */ = {isa = PBXFileReference; lastKnownFileType = sourcecode.swift; path = AuthStackView.swift; sourceTree = "<group>"; };
		83A9C2C12CA7D08500898F0B /* AuthTextField.swift */ = {isa = PBXFileReference; lastKnownFileType = sourcecode.swift; path = AuthTextField.swift; sourceTree = "<group>"; };
		83A9C2C42CA7DA5000898F0B /* UILabel.swift */ = {isa = PBXFileReference; lastKnownFileType = sourcecode.swift; path = UILabel.swift; sourceTree = "<group>"; };
		83A9C2C82CA8378C00898F0B /* UIConstants.swift */ = {isa = PBXFileReference; lastKnownFileType = sourcecode.swift; path = UIConstants.swift; sourceTree = "<group>"; };
		83AFB3A72CB1A94400501FEE /* MapTabBar.swift */ = {isa = PBXFileReference; lastKnownFileType = sourcecode.swift; path = MapTabBar.swift; sourceTree = "<group>"; };
		83AFB3A92CB2902C00501FEE /* UIView.swift */ = {isa = PBXFileReference; lastKnownFileType = sourcecode.swift; path = UIView.swift; sourceTree = "<group>"; };
		83AFB3AB2CB29AC500501FEE /* NavigationBoxBar.swift */ = {isa = PBXFileReference; lastKnownFileType = sourcecode.swift; path = NavigationBoxBar.swift; sourceTree = "<group>"; };
		83AFB3AD2CB2ABD300501FEE /* LocationDetailView.swift */ = {isa = PBXFileReference; lastKnownFileType = sourcecode.swift; path = LocationDetailView.swift; sourceTree = "<group>"; };
		83AFB3B02CB2B75F00501FEE /* NavigationHeightProvidable.swift */ = {isa = PBXFileReference; lastKnownFileType = sourcecode.swift; path = NavigationHeightProvidable.swift; sourceTree = "<group>"; };
		83C9F3B32CA85BC300CF0D73 /* SeparatorWithLabelView.swift */ = {isa = PBXFileReference; lastKnownFileType = sourcecode.swift; path = SeparatorWithLabelView.swift; sourceTree = "<group>"; };
		83C9F3B52CA907B900CF0D73 /* ColorCodes.swift */ = {isa = PBXFileReference; lastKnownFileType = sourcecode.swift; path = ColorCodes.swift; sourceTree = "<group>"; };
		83C9F3B92CA9161300CF0D73 /* UITextField.swift */ = {isa = PBXFileReference; lastKnownFileType = sourcecode.swift; path = UITextField.swift; sourceTree = "<group>"; };
		83C9F3BB2CA931F400CF0D73 /* KeyboardManager.swift */ = {isa = PBXFileReference; lastKnownFileType = sourcecode.swift; path = KeyboardManager.swift; sourceTree = "<group>"; };
		A2D42D523F052595228AA30F /* Pods-Nomad-Learner.release.xcconfig */ = {isa = PBXFileReference; includeInIndex = 1; lastKnownFileType = text.xcconfig; name = "Pods-Nomad-Learner.release.xcconfig"; path = "Target Support Files/Pods-Nomad-Learner/Pods-Nomad-Learner.release.xcconfig"; sourceTree = "<group>"; };
		B4FC40ED509727A95F858024 /* Pods_Nomad_Learner.framework */ = {isa = PBXFileReference; explicitFileType = wrapper.framework; includeInIndex = 0; path = Pods_Nomad_Learner.framework; sourceTree = BUILT_PRODUCTS_DIR; };
/* End PBXFileReference section */

/* Begin PBXFrameworksBuildPhase section */
		835BD2EA2CA413560088CA02 /* Frameworks */ = {
			isa = PBXFrameworksBuildPhase;
			buildActionMask = 2147483647;
			files = (
				E1B4908C044C675F5B284480 /* Pods_Nomad_Learner.framework in Frameworks */,
			);
			runOnlyForDeploymentPostprocessing = 0;
		};
/* End PBXFrameworksBuildPhase section */

/* Begin PBXGroup section */
		8304A0DC2CA50DB100061B33 /* View */ = {
			isa = PBXGroup;
			children = (
				8304A0E02CA5118700061B33 /* Components */,
				8304A0DF2CA5113700061B33 /* Pages */,
			);
			path = View;
			sourceTree = "<group>";
		};
		8304A0DD2CA50E3200061B33 /* ViewModel */ = {
			isa = PBXGroup;
			children = (
				838753D12CABE9A3001EE8F1 /* AuthViewModel.swift */,
				83A6D7AE2CB3F0F800D18A30 /* MapViewModel.swift */,
				83A6D7BC2CB61A8000D18A30 /* ProfileViewModel.swift */,
				83A6D7D62CB80C5D00D18A30 /* EditProfileViewModel.swift */,
				83A6D7E12CB8F88500D18A30 /* DepartViewModel.swift */,
				837DE5962CBAD12E00819964 /* StudyRoomViewModel.swift */,
			);
			path = ViewModel;
			sourceTree = "<group>";
		};
		8304A0DE2CA50E3700061B33 /* Model */ = {
			isa = PBXGroup;
			children = (
				836180EF2CBC93900059937E /* Profile.swift */,
				836180F12CBC9D850059937E /* Message.swift */,
				83A6D7B02CB3F39300D18A30 /* LocationCategory.swift */,
			);
			path = Model;
			sourceTree = "<group>";
		};
		8304A0DF2CA5113700061B33 /* Pages */ = {
			isa = PBXGroup;
			children = (
				837DE5942CBAD11500819964 /* StudyRoomViewController.swift */,
				8304A0E12CA5123300061B33 /* AuthViewController.swift */,
				83A9C2BD2CA7BF2200898F0B /* CustomAuthPickerViewController.swift */,
				838753E32CB00A4B001EE8F1 /* MapViewController.swift */,
				83A6D7BA2CB6195E00D18A30 /* ProfileViewController.swift */,
				83A6D7D32CB807F100D18A30 /* EditProfileViewController.swift */,
				83A6D7DF2CB8DA8600D18A30 /* DepartViewController.swift */,
			);
			path = Pages;
			sourceTree = "<group>";
		};
		8304A0E02CA5118700061B33 /* Components */ = {
			isa = PBXGroup;
			children = (
				837DE5932CBAD0F400819964 /* StudyRoom */,
				83A6D7DE2CB8DA2500D18A30 /* Depart */,
				83A6D7D52CB8082100D18A30 /* EditProfile */,
				83A6D7C02CB61E5500D18A30 /* Profile */,
				83AFB3A62CB1A91500501FEE /* Map */,
				83A9C2BC2CA7BE6200898F0B /* Auth */,
			);
			path = Components;
			sourceTree = "<group>";
		};
		835BD2E42CA413560088CA02 = {
			isa = PBXGroup;
			children = (
				835BD2EF2CA413560088CA02 /* Nomad-Learner */,
				835BD2EE2CA413560088CA02 /* Products */,
				D409FDF61F0D67B5CE982948 /* Pods */,
				9F7F78C28391D8E8BBF1166B /* Frameworks */,
			);
			sourceTree = "<group>";
		};
		835BD2EE2CA413560088CA02 /* Products */ = {
			isa = PBXGroup;
			children = (
				835BD2ED2CA413560088CA02 /* Nomad-Learner.app */,
			);
			name = Products;
			sourceTree = "<group>";
		};
		835BD2EF2CA413560088CA02 /* Nomad-Learner */ = {
			isa = PBXGroup;
			children = (
				836180E42CBB81C80059937E /* ScreenSizeProvidable */,
				837DE58C2CBA2FB200819964 /* SafeAreaHeightProvidable */,
				83AFB3AF2CB2B6F900501FEE /* NavigationHeightProvidable */,
				838753EB2CB0EEDF001EE8F1 /* Transition */,
				838753CE2CABDEDC001EE8F1 /* Protocols */,
				83A9C2C32CA7D61600898F0B /* Utils */,
				8304A0DE2CA50E3700061B33 /* Model */,
				8304A0DD2CA50E3200061B33 /* ViewModel */,
				8304A0DC2CA50DB100061B33 /* View */,
				8304A0D92CA4F83700061B33 /* Nomad-Learner.entitlements */,
				835BD30D2CA4EB920088CA02 /* Configurations */,
				835BD2F02CA413560088CA02 /* AppDelegate.swift */,
				835BD2F22CA413560088CA02 /* SceneDelegate.swift */,
				835BD2F92CA413570088CA02 /* Assets.xcassets */,
				835BD2FB2CA413570088CA02 /* LaunchScreen.storyboard */,
				835BD2FE2CA413570088CA02 /* Info.plist */,
			);
			path = "Nomad-Learner";
			sourceTree = "<group>";
		};
		835BD30D2CA4EB920088CA02 /* Configurations */ = {
			isa = PBXGroup;
			children = (
				8304A0E52CA546F700061B33 /* GoogleService-Info-Nomad-Learner.plist */,
				8304A0E32CA5437800061B33 /* GoogleService-Info-Nomad-LearnerDev.plist */,
			);
			path = Configurations;
			sourceTree = "<group>";
		};
		836180E42CBB81C80059937E /* ScreenSizeProvidable */ = {
			isa = PBXGroup;
			children = (
				836180E52CBB81E80059937E /* ScreenSizeProvidable.swift */,
			);
			path = ScreenSizeProvidable;
			sourceTree = "<group>";
		};
		837DE58C2CBA2FB200819964 /* SafeAreaHeightProvidable */ = {
			isa = PBXGroup;
			children = (
				837DE58D2CBA2FDE00819964 /* SafeAreaHeightProvidable.swift */,
			);
			path = SafeAreaHeightProvidable;
			sourceTree = "<group>";
		};
		837DE5932CBAD0F400819964 /* StudyRoom */ = {
			isa = PBXGroup;
			children = (
				837DE5992CBAD8D400819964 /* NavigationControllerForStudyVC.swift */,
				836180E22CBB7E220059937E /* StudyRoomNavigationBar.swift */,
				836180E02CBB68490059937E /* ProfileCollectionView.swift */,
				836180E72CBBA1620059937E /* ChatCollectionView.swift */,
				836180E92CBBC1FF0059937E /* ProfileCollectionViewCell.swift */,
				836180EB2CBBC20A0059937E /* ChatCollectionViewCell.swift */,
				836180ED2CBBE2820059937E /* PaddingLabel.swift */,
			);
			path = StudyRoom;
			sourceTree = "<group>";
		};
		838753CE2CABDEDC001EE8F1 /* Protocols */ = {
			isa = PBXGroup;
			children = (
				838753D32CABFDB7001EE8F1 /* AuthInputValidation.swift */,
				838753D52CAC19D1001EE8F1 /* AuthInputValidator.swift */,
				838753D72CACE930001EE8F1 /* ActivityIndicator.swift */,
				838753D92CACF2D0001EE8F1 /* KRProgressHUDEnabled.swift */,
				838753DB2CAD33E2001EE8F1 /* AuthServiceProtocol.swift */,
				838753E12CAF9E53001EE8F1 /* ErrorAlertEnabled.swift */,
				838753E72CB02B42001EE8F1 /* CurrentUser.swift */,
			);
			path = Protocols;
			sourceTree = "<group>";
		};
		838753EB2CB0EEDF001EE8F1 /* Transition */ = {
			isa = PBXGroup;
			children = (
				838753EC2CB0EEED001EE8F1 /* Router.swift */,
			);
			path = Transition;
			sourceTree = "<group>";
		};
		83A6D7C02CB61E5500D18A30 /* Profile */ = {
			isa = PBXGroup;
			children = (
				83A6D7C12CB61E6B00D18A30 /* ProfileView.swift */,
				83A6D7C52CB682D500D18A30 /* ProfileTopView.swift */,
				83A6D7C92CB6B4FC00D18A30 /* ProfileBottomView.swift */,
				83A6D7CB2CB6B85A00D18A30 /* ProfileTableViewCell.swift */,
				83A6D7C32CB6630700D18A30 /* ProfileNavigationBar.swift */,
				83A6D7C72CB68A7700D18A30 /* StudyTimeLabel.swift */,
				83A6D7D12CB7D7DC00D18A30 /* ProfileTextView.swift */,
			);
			path = Profile;
			sourceTree = "<group>";
		};
		83A6D7D52CB8082100D18A30 /* EditProfile */ = {
			isa = PBXGroup;
			children = (
				83A6D7D82CB80C8F00D18A30 /* EditProfileView.swift */,
				83A6D7DA2CB80D9100D18A30 /* EditProfileViewNavigationBar.swift */,
				83A6D7DC2CB8195B00D18A30 /* EditProfileTextView.swift */,
			);
			path = EditProfile;
			sourceTree = "<group>";
		};
		83A6D7DE2CB8DA2500D18A30 /* Depart */ = {
			isa = PBXGroup;
			children = (
				83A6D7E32CB8FD4E00D18A30 /* DepartView.swift */,
				837DE58F2CBA564A00819964 /* TicketView.swift */,
			);
			path = Depart;
			sourceTree = "<group>";
		};
		83A9C2BC2CA7BE6200898F0B /* Auth */ = {
			isa = PBXGroup;
			children = (
				83A9C2BF2CA7C9B700898F0B /* AuthStackView.swift */,
				83A9C2C12CA7D08500898F0B /* AuthTextField.swift */,
				838753DD2CAED385001EE8F1 /* ValidationLabel.swift */,
				83C9F3B32CA85BC300CF0D73 /* SeparatorWithLabelView.swift */,
			);
			path = Auth;
			sourceTree = "<group>";
		};
		83A9C2C32CA7D61600898F0B /* Utils */ = {
			isa = PBXGroup;
			children = (
				83C9F3B82CA915EF00CF0D73 /* Extension */,
				83A9C2C82CA8378C00898F0B /* UIConstants.swift */,
				83C9F3BB2CA931F400CF0D73 /* KeyboardManager.swift */,
				83C9F3B52CA907B900CF0D73 /* ColorCodes.swift */,
				83A6D7B82CB56C7400D18A30 /* KeyChainManager.swift */,
			);
			path = Utils;
			sourceTree = "<group>";
		};
		83AFB3A62CB1A91500501FEE /* Map */ = {
			isa = PBXGroup;
			children = (
				83AFB3A72CB1A94400501FEE /* MapTabBar.swift */,
				83AFB3AB2CB29AC500501FEE /* NavigationBoxBar.swift */,
				83AFB3AD2CB2ABD300501FEE /* LocationDetailView.swift */,
				83A6D7B62CB4D3CF00D18A30 /* LocationCategoryCollectionView.swift */,
				83A6D7AA2CB3D93E00D18A30 /* LocationLabel.swift */,
				83A6D7B22CB3F3E100D18A30 /* LocationCategoryCollectionViewCell.swift */,
			);
			path = Map;
			sourceTree = "<group>";
		};
		83AFB3AF2CB2B6F900501FEE /* NavigationHeightProvidable */ = {
			isa = PBXGroup;
			children = (
				83AFB3B02CB2B75F00501FEE /* NavigationHeightProvidable.swift */,
			);
			path = NavigationHeightProvidable;
			sourceTree = "<group>";
		};
		83C9F3B82CA915EF00CF0D73 /* Extension */ = {
			isa = PBXGroup;
			children = (
				83A9C2C42CA7DA5000898F0B /* UILabel.swift */,
				83C9F3B92CA9161300CF0D73 /* UITextField.swift */,
				83AFB3A92CB2902C00501FEE /* UIView.swift */,
				83A6D7A82CB3D7B000D18A30 /* UIScrollView.swift */,
				83A6D7B42CB4BF2500D18A30 /* Observable.swift */,
			);
			path = Extension;
			sourceTree = "<group>";
		};
		9F7F78C28391D8E8BBF1166B /* Frameworks */ = {
			isa = PBXGroup;
			children = (
				B4FC40ED509727A95F858024 /* Pods_Nomad_Learner.framework */,
			);
			name = Frameworks;
			sourceTree = "<group>";
		};
		D409FDF61F0D67B5CE982948 /* Pods */ = {
			isa = PBXGroup;
			children = (
				04E2362154E42F3944BE8219 /* Pods-Nomad-Learner.develop.xcconfig */,
				A2D42D523F052595228AA30F /* Pods-Nomad-Learner.release.xcconfig */,
			);
			path = Pods;
			sourceTree = "<group>";
		};
/* End PBXGroup section */

/* Begin PBXNativeTarget section */
		835BD2EC2CA413560088CA02 /* Nomad-Learner */ = {
			isa = PBXNativeTarget;
			buildConfigurationList = 835BD3012CA413570088CA02 /* Build configuration list for PBXNativeTarget "Nomad-Learner" */;
			buildPhases = (
				26571E9819DC7107C7A56922 /* [CP] Check Pods Manifest.lock */,
				835BD2E92CA413560088CA02 /* Sources */,
				835BD2EA2CA413560088CA02 /* Frameworks */,
				835BD2EB2CA413560088CA02 /* Resources */,
				9763FD8E10C4CBF809C77ECB /* [CP] Embed Pods Frameworks */,
				C759022AFA891B2DAE3297AB /* [CP] Copy Pods Resources */,
				835BD3122CA4ECA80088CA02 /* Copy GoogleService-info.json */,
			);
			buildRules = (
			);
			dependencies = (
			);
			name = "Nomad-Learner";
			productName = "Nomad-Learner";
			productReference = 835BD2ED2CA413560088CA02 /* Nomad-Learner.app */;
			productType = "com.apple.product-type.application";
		};
/* End PBXNativeTarget section */

/* Begin PBXProject section */
		835BD2E52CA413560088CA02 /* Project object */ = {
			isa = PBXProject;
			attributes = {
				BuildIndependentTargetsInParallel = 1;
				LastSwiftUpdateCheck = 1540;
				LastUpgradeCheck = 1540;
				TargetAttributes = {
					835BD2EC2CA413560088CA02 = {
						CreatedOnToolsVersion = 15.4;
					};
				};
			};
			buildConfigurationList = 835BD2E82CA413560088CA02 /* Build configuration list for PBXProject "Nomad-Learner" */;
			compatibilityVersion = "Xcode 14.0";
			developmentRegion = en;
			hasScannedForEncodings = 0;
			knownRegions = (
				en,
				Base,
			);
			mainGroup = 835BD2E42CA413560088CA02;
			productRefGroup = 835BD2EE2CA413560088CA02 /* Products */;
			projectDirPath = "";
			projectRoot = "";
			targets = (
				835BD2EC2CA413560088CA02 /* Nomad-Learner */,
			);
		};
/* End PBXProject section */

/* Begin PBXResourcesBuildPhase section */
		835BD2EB2CA413560088CA02 /* Resources */ = {
			isa = PBXResourcesBuildPhase;
			buildActionMask = 2147483647;
			files = (
				835BD2FA2CA413570088CA02 /* Assets.xcassets in Resources */,
				8304A0E62CA546F700061B33 /* GoogleService-Info-Nomad-Learner.plist in Resources */,
				835BD2FD2CA413570088CA02 /* Base in Resources */,
				8304A0E42CA5437800061B33 /* GoogleService-Info-Nomad-LearnerDev.plist in Resources */,
			);
			runOnlyForDeploymentPostprocessing = 0;
		};
/* End PBXResourcesBuildPhase section */

/* Begin PBXShellScriptBuildPhase section */
		26571E9819DC7107C7A56922 /* [CP] Check Pods Manifest.lock */ = {
			isa = PBXShellScriptBuildPhase;
			buildActionMask = 2147483647;
			files = (
			);
			inputFileListPaths = (
			);
			inputPaths = (
				"${PODS_PODFILE_DIR_PATH}/Podfile.lock",
				"${PODS_ROOT}/Manifest.lock",
			);
			name = "[CP] Check Pods Manifest.lock";
			outputFileListPaths = (
			);
			outputPaths = (
				"$(DERIVED_FILE_DIR)/Pods-Nomad-Learner-checkManifestLockResult.txt",
			);
			runOnlyForDeploymentPostprocessing = 0;
			shellPath = /bin/sh;
			shellScript = "diff \"${PODS_PODFILE_DIR_PATH}/Podfile.lock\" \"${PODS_ROOT}/Manifest.lock\" > /dev/null\nif [ $? != 0 ] ; then\n    # print error to STDERR\n    echo \"error: The sandbox is not in sync with the Podfile.lock. Run 'pod install' or update your CocoaPods installation.\" >&2\n    exit 1\nfi\n# This output is used by Xcode 'outputs' to avoid re-running this script phase.\necho \"SUCCESS\" > \"${SCRIPT_OUTPUT_FILE_0}\"\n";
			showEnvVarsInLog = 0;
		};
		835BD3122CA4ECA80088CA02 /* Copy GoogleService-info.json */ = {
			isa = PBXShellScriptBuildPhase;
			buildActionMask = 2147483647;
			files = (
			);
			inputFileListPaths = (
			);
			inputPaths = (
			);
			name = "Copy GoogleService-info.json";
			outputFileListPaths = (
			);
			outputPaths = (
			);
			runOnlyForDeploymentPostprocessing = 0;
			shellPath = /bin/sh;
			shellScript = "# Type a script or drag a script file from your workspace to insert its path.\nif [ \"${CONFIGURATION}\" = \"Develop\" ]; then\n    cp \"${PROJECT_DIR}/${PROJECT_NAME}/Configurations/GoogleService-Info-Nomad-LearnerDev.plist\" \"${BUILT_PRODUCTS_DIR}/${PRODUCT_NAME}.app/GoogleService-Info.plist\"\n    echo \"GoogleService-Info-Nomad-LearnerDev.plist copied.\"\nelif [ \"${CONFIGURATION}\" = \"Release\" ]; then\n    cp \"${PROJECT_DIR}/${PROJECT_NAME}/Configurations/GoogleService-Info-Nomad-Learner.plist\" \"${BUILT_PRODUCTS_DIR}/${PRODUCT_NAME}.app/GoogleService-Info.plist\"\n    echo \"GoogleService-Info-Nomad-Learner copied.\"\nfi\n";
		};
		9763FD8E10C4CBF809C77ECB /* [CP] Embed Pods Frameworks */ = {
			isa = PBXShellScriptBuildPhase;
			buildActionMask = 2147483647;
			files = (
			);
			inputFileListPaths = (
				"${PODS_ROOT}/Target Support Files/Pods-Nomad-Learner/Pods-Nomad-Learner-frameworks-${CONFIGURATION}-input-files.xcfilelist",
			);
			name = "[CP] Embed Pods Frameworks";
			outputFileListPaths = (
				"${PODS_ROOT}/Target Support Files/Pods-Nomad-Learner/Pods-Nomad-Learner-frameworks-${CONFIGURATION}-output-files.xcfilelist",
			);
			runOnlyForDeploymentPostprocessing = 0;
			shellPath = /bin/sh;
			shellScript = "\"${PODS_ROOT}/Target Support Files/Pods-Nomad-Learner/Pods-Nomad-Learner-frameworks.sh\"\n";
			showEnvVarsInLog = 0;
		};
		C759022AFA891B2DAE3297AB /* [CP] Copy Pods Resources */ = {
			isa = PBXShellScriptBuildPhase;
			buildActionMask = 2147483647;
			files = (
			);
			inputFileListPaths = (
				"${PODS_ROOT}/Target Support Files/Pods-Nomad-Learner/Pods-Nomad-Learner-resources-${CONFIGURATION}-input-files.xcfilelist",
			);
			name = "[CP] Copy Pods Resources";
			outputFileListPaths = (
				"${PODS_ROOT}/Target Support Files/Pods-Nomad-Learner/Pods-Nomad-Learner-resources-${CONFIGURATION}-output-files.xcfilelist",
			);
			runOnlyForDeploymentPostprocessing = 0;
			shellPath = /bin/sh;
			shellScript = "\"${PODS_ROOT}/Target Support Files/Pods-Nomad-Learner/Pods-Nomad-Learner-resources.sh\"\n";
			showEnvVarsInLog = 0;
		};
/* End PBXShellScriptBuildPhase section */

/* Begin PBXSourcesBuildPhase section */
		835BD2E92CA413560088CA02 /* Sources */ = {
			isa = PBXSourcesBuildPhase;
			buildActionMask = 2147483647;
			files = (
				83AFB3B12CB2B75F00501FEE /* NavigationHeightProvidable.swift in Sources */,
				835BD2F12CA413560088CA02 /* AppDelegate.swift in Sources */,
				83A6D7D42CB807F100D18A30 /* EditProfileViewController.swift in Sources */,
				83AFB3AE2CB2ABD300501FEE /* LocationDetailView.swift in Sources */,
				83A6D7E02CB8DA8600D18A30 /* DepartViewController.swift in Sources */,
				837DE5952CBAD11500819964 /* StudyRoomViewController.swift in Sources */,
				83A6D7CC2CB6B85A00D18A30 /* ProfileTableViewCell.swift in Sources */,
				83A6D7CA2CB6B4FC00D18A30 /* ProfileBottomView.swift in Sources */,
				838753DC2CAD33E2001EE8F1 /* AuthServiceProtocol.swift in Sources */,
				8304A0E22CA5123300061B33 /* AuthViewController.swift in Sources */,
				838753D82CACE930001EE8F1 /* ActivityIndicator.swift in Sources */,
				837DE5902CBA564A00819964 /* TicketView.swift in Sources */,
				83A9C2C22CA7D08500898F0B /* AuthTextField.swift in Sources */,
				83A6D7D22CB7D7DD00D18A30 /* ProfileTextView.swift in Sources */,
				838753E82CB02B42001EE8F1 /* CurrentUser.swift in Sources */,
				83A6D7DB2CB80D9100D18A30 /* EditProfileViewNavigationBar.swift in Sources */,
				83A6D7E42CB8FD4E00D18A30 /* DepartView.swift in Sources */,
				83A6D7B12CB3F39300D18A30 /* LocationCategory.swift in Sources */,
				83C9F3BA2CA9161300CF0D73 /* UITextField.swift in Sources */,
				83AFB3AA2CB2902C00501FEE /* UIView.swift in Sources */,
				83C9F3B42CA85BC300CF0D73 /* SeparatorWithLabelView.swift in Sources */,
				838753E42CB00A4B001EE8F1 /* MapViewController.swift in Sources */,
				83A6D7B92CB56C7400D18A30 /* KeyChainManager.swift in Sources */,
				83A6D7B72CB4D3CF00D18A30 /* LocationCategoryCollectionView.swift in Sources */,
				836180E62CBB81E80059937E /* ScreenSizeProvidable.swift in Sources */,
				838753DE2CAED385001EE8F1 /* ValidationLabel.swift in Sources */,
				83A6D7B32CB3F3E200D18A30 /* LocationCategoryCollectionViewCell.swift in Sources */,
				83C9F3B62CA907B900CF0D73 /* ColorCodes.swift in Sources */,
				836180EC2CBBC20A0059937E /* ChatCollectionViewCell.swift in Sources */,
				83C9F3BC2CA931F400CF0D73 /* KeyboardManager.swift in Sources */,
				83A6D7DD2CB8195C00D18A30 /* EditProfileTextView.swift in Sources */,
				837DE5972CBAD12E00819964 /* StudyRoomViewModel.swift in Sources */,
				83A6D7A92CB3D7B000D18A30 /* UIScrollView.swift in Sources */,
				83A6D7D72CB80C5D00D18A30 /* EditProfileViewModel.swift in Sources */,
				83AFB3A82CB1A94400501FEE /* MapTabBar.swift in Sources */,
				83A6D7AF2CB3F0F800D18A30 /* MapViewModel.swift in Sources */,
				838753ED2CB0EEED001EE8F1 /* Router.swift in Sources */,
				83A6D7D92CB80C8F00D18A30 /* EditProfileView.swift in Sources */,
				83A6D7AB2CB3D93E00D18A30 /* LocationLabel.swift in Sources */,
				838753E22CAF9E53001EE8F1 /* ErrorAlertEnabled.swift in Sources */,
				83A6D7E22CB8F88500D18A30 /* DepartViewModel.swift in Sources */,
				837DE59A2CBAD8D400819964 /* NavigationControllerForStudyVC.swift in Sources */,
				83A9C2BE2CA7BF2200898F0B /* CustomAuthPickerViewController.swift in Sources */,
				837DE58E2CBA2FDE00819964 /* SafeAreaHeightProvidable.swift in Sources */,
				836180E32CBB7E220059937E /* StudyRoomNavigationBar.swift in Sources */,
				836180F02CBC93900059937E /* Profile.swift in Sources */,
				838753D62CAC19D1001EE8F1 /* AuthInputValidator.swift in Sources */,
				838753D42CABFDB7001EE8F1 /* AuthInputValidation.swift in Sources */,
				83A6D7C62CB682D600D18A30 /* ProfileTopView.swift in Sources */,
				83A6D7C42CB6630700D18A30 /* ProfileNavigationBar.swift in Sources */,
				836180F22CBC9D850059937E /* Message.swift in Sources */,
				83A6D7BB2CB6195E00D18A30 /* ProfileViewController.swift in Sources */,
				836180EA2CBBC1FF0059937E /* ProfileCollectionViewCell.swift in Sources */,
				835BD2F32CA413560088CA02 /* SceneDelegate.swift in Sources */,
				838753D22CABE9A3001EE8F1 /* AuthViewModel.swift in Sources */,
				836180EE2CBBE2820059937E /* PaddingLabel.swift in Sources */,
				83A6D7C22CB61E6B00D18A30 /* ProfileView.swift in Sources */,
				83AFB3AC2CB29AC500501FEE /* NavigationBoxBar.swift in Sources */,
				83A6D7C82CB68A7700D18A30 /* StudyTimeLabel.swift in Sources */,
				83A9C2C92CA8378C00898F0B /* UIConstants.swift in Sources */,
				83A6D7B52CB4BF2500D18A30 /* Observable.swift in Sources */,
				836180E12CBB68490059937E /* ProfileCollectionView.swift in Sources */,
				83A9C2C02CA7C9B700898F0B /* AuthStackView.swift in Sources */,
				83A6D7BD2CB61A8000D18A30 /* ProfileViewModel.swift in Sources */,
				83A9C2C52CA7DA5000898F0B /* UILabel.swift in Sources */,
				836180E82CBBA1620059937E /* ChatCollectionView.swift in Sources */,
				838753DA2CACF2D1001EE8F1 /* KRProgressHUDEnabled.swift in Sources */,
			);
			runOnlyForDeploymentPostprocessing = 0;
		};
/* End PBXSourcesBuildPhase section */

/* Begin PBXVariantGroup section */
		835BD2FB2CA413570088CA02 /* LaunchScreen.storyboard */ = {
			isa = PBXVariantGroup;
			children = (
				835BD2FC2CA413570088CA02 /* Base */,
			);
			name = LaunchScreen.storyboard;
			sourceTree = "<group>";
		};
/* End PBXVariantGroup section */

/* Begin XCBuildConfiguration section */
		835BD3002CA413570088CA02 /* Release */ = {
			isa = XCBuildConfiguration;
			buildSettings = {
				ALWAYS_SEARCH_USER_PATHS = NO;
				ASSETCATALOG_COMPILER_GENERATE_SWIFT_ASSET_SYMBOL_EXTENSIONS = YES;
				CLANG_ANALYZER_NONNULL = YES;
				CLANG_ANALYZER_NUMBER_OBJECT_CONVERSION = YES_AGGRESSIVE;
				CLANG_CXX_LANGUAGE_STANDARD = "gnu++20";
				CLANG_ENABLE_MODULES = YES;
				CLANG_ENABLE_OBJC_ARC = YES;
				CLANG_ENABLE_OBJC_WEAK = YES;
				CLANG_WARN_BLOCK_CAPTURE_AUTORELEASING = YES;
				CLANG_WARN_BOOL_CONVERSION = YES;
				CLANG_WARN_COMMA = YES;
				CLANG_WARN_CONSTANT_CONVERSION = YES;
				CLANG_WARN_DEPRECATED_OBJC_IMPLEMENTATIONS = YES;
				CLANG_WARN_DIRECT_OBJC_ISA_USAGE = YES_ERROR;
				CLANG_WARN_DOCUMENTATION_COMMENTS = YES;
				CLANG_WARN_EMPTY_BODY = YES;
				CLANG_WARN_ENUM_CONVERSION = YES;
				CLANG_WARN_INFINITE_RECURSION = YES;
				CLANG_WARN_INT_CONVERSION = YES;
				CLANG_WARN_NON_LITERAL_NULL_CONVERSION = YES;
				CLANG_WARN_OBJC_IMPLICIT_RETAIN_SELF = YES;
				CLANG_WARN_OBJC_LITERAL_CONVERSION = YES;
				CLANG_WARN_OBJC_ROOT_CLASS = YES_ERROR;
				CLANG_WARN_QUOTED_INCLUDE_IN_FRAMEWORK_HEADER = YES;
				CLANG_WARN_RANGE_LOOP_ANALYSIS = YES;
				CLANG_WARN_STRICT_PROTOTYPES = YES;
				CLANG_WARN_SUSPICIOUS_MOVE = YES;
				CLANG_WARN_UNGUARDED_AVAILABILITY = YES_AGGRESSIVE;
				CLANG_WARN_UNREACHABLE_CODE = YES;
				CLANG_WARN__DUPLICATE_METHOD_MATCH = YES;
				COPY_PHASE_STRIP = NO;
				DEBUG_INFORMATION_FORMAT = "dwarf-with-dsym";
				ENABLE_NS_ASSERTIONS = NO;
				ENABLE_STRICT_OBJC_MSGSEND = YES;
				ENABLE_USER_SCRIPT_SANDBOXING = YES;
				GCC_C_LANGUAGE_STANDARD = gnu17;
				GCC_NO_COMMON_BLOCKS = YES;
				GCC_WARN_64_TO_32_BIT_CONVERSION = YES;
				GCC_WARN_ABOUT_RETURN_TYPE = YES_ERROR;
				GCC_WARN_UNDECLARED_SELECTOR = YES;
				GCC_WARN_UNINITIALIZED_AUTOS = YES_AGGRESSIVE;
				GCC_WARN_UNUSED_FUNCTION = YES;
				GCC_WARN_UNUSED_VARIABLE = YES;
				IPHONEOS_DEPLOYMENT_TARGET = 17.5;
				LOCALIZATION_PREFERS_STRING_CATALOGS = YES;
				MTL_ENABLE_DEBUG_INFO = NO;
				MTL_FAST_MATH = YES;
				SDKROOT = iphoneos;
				SWIFT_COMPILATION_MODE = wholemodule;
				VALIDATE_PRODUCT = YES;
			};
			name = Release;
		};
		835BD3032CA413570088CA02 /* Release */ = {
			isa = XCBuildConfiguration;
			baseConfigurationReference = A2D42D523F052595228AA30F /* Pods-Nomad-Learner.release.xcconfig */;
			buildSettings = {
				ASSETCATALOG_COMPILER_APPICON_NAME = AppIcon;
				ASSETCATALOG_COMPILER_GLOBAL_ACCENT_COLOR_NAME = AccentColor;
				CODE_SIGN_ENTITLEMENTS = "Nomad-Learner/Nomad-Learner.entitlements";
				"CODE_SIGN_IDENTITY[sdk=iphoneos*]" = "iPhone Distribution";
				CODE_SIGN_STYLE = Manual;
				CURRENT_PROJECT_VERSION = 1;
				DEVELOPMENT_TEAM = "";
				"DEVELOPMENT_TEAM[sdk=iphoneos*]" = L35MVZ453P;
				ENABLE_USER_SCRIPT_SANDBOXING = NO;
				GENERATE_INFOPLIST_FILE = YES;
				INFOPLIST_FILE = "Nomad-Learner/Info.plist";
				INFOPLIST_KEY_UIApplicationSupportsIndirectInputEvents = YES;
				INFOPLIST_KEY_UILaunchStoryboardName = LaunchScreen;
				INFOPLIST_KEY_UISupportedInterfaceOrientations_iPad = "UIInterfaceOrientationPortrait UIInterfaceOrientationPortraitUpsideDown UIInterfaceOrientationLandscapeLeft UIInterfaceOrientationLandscapeRight";
				INFOPLIST_KEY_UISupportedInterfaceOrientations_iPhone = "UIInterfaceOrientationPortrait UIInterfaceOrientationLandscapeLeft UIInterfaceOrientationLandscapeRight UIInterfaceOrientationPortraitUpsideDown";
				LD_RUNPATH_SEARCH_PATHS = (
					"$(inherited)",
					"@executable_path/Frameworks",
				);
				MARKETING_VERSION = 1.0;
				PRODUCT_BUNDLE_IDENTIFIER = "com.kenta-suzuki.Nomad-Learner";
				PRODUCT_NAME = "Nomad-Learner";
				PROVISIONING_PROFILE_SPECIFIER = "";
				"PROVISIONING_PROFILE_SPECIFIER[sdk=iphoneos*]" = "Nomad-LearnerProfile";
				SWIFT_ACTIVE_COMPILATION_CONDITIONS = RELEASE;
				SWIFT_EMIT_LOC_STRINGS = YES;
				SWIFT_OPTIMIZATION_LEVEL = "-O";
				SWIFT_VERSION = 5.0;
				TARGETED_DEVICE_FAMILY = "1,2";
			};
			name = Release;
		};
		835BD3042CA414550088CA02 /* Develop */ = {
			isa = XCBuildConfiguration;
			buildSettings = {
				ALWAYS_SEARCH_USER_PATHS = NO;
				ASSETCATALOG_COMPILER_GENERATE_SWIFT_ASSET_SYMBOL_EXTENSIONS = YES;
				CLANG_ANALYZER_NONNULL = YES;
				CLANG_ANALYZER_NUMBER_OBJECT_CONVERSION = YES_AGGRESSIVE;
				CLANG_CXX_LANGUAGE_STANDARD = "gnu++20";
				CLANG_ENABLE_MODULES = YES;
				CLANG_ENABLE_OBJC_ARC = YES;
				CLANG_ENABLE_OBJC_WEAK = YES;
				CLANG_WARN_BLOCK_CAPTURE_AUTORELEASING = YES;
				CLANG_WARN_BOOL_CONVERSION = YES;
				CLANG_WARN_COMMA = YES;
				CLANG_WARN_CONSTANT_CONVERSION = YES;
				CLANG_WARN_DEPRECATED_OBJC_IMPLEMENTATIONS = YES;
				CLANG_WARN_DIRECT_OBJC_ISA_USAGE = YES_ERROR;
				CLANG_WARN_DOCUMENTATION_COMMENTS = YES;
				CLANG_WARN_EMPTY_BODY = YES;
				CLANG_WARN_ENUM_CONVERSION = YES;
				CLANG_WARN_INFINITE_RECURSION = YES;
				CLANG_WARN_INT_CONVERSION = YES;
				CLANG_WARN_NON_LITERAL_NULL_CONVERSION = YES;
				CLANG_WARN_OBJC_IMPLICIT_RETAIN_SELF = YES;
				CLANG_WARN_OBJC_LITERAL_CONVERSION = YES;
				CLANG_WARN_OBJC_ROOT_CLASS = YES_ERROR;
				CLANG_WARN_QUOTED_INCLUDE_IN_FRAMEWORK_HEADER = YES;
				CLANG_WARN_RANGE_LOOP_ANALYSIS = YES;
				CLANG_WARN_STRICT_PROTOTYPES = YES;
				CLANG_WARN_SUSPICIOUS_MOVE = YES;
				CLANG_WARN_UNGUARDED_AVAILABILITY = YES_AGGRESSIVE;
				CLANG_WARN_UNREACHABLE_CODE = YES;
				CLANG_WARN__DUPLICATE_METHOD_MATCH = YES;
				COPY_PHASE_STRIP = NO;
				DEBUG_INFORMATION_FORMAT = dwarf;
				ENABLE_STRICT_OBJC_MSGSEND = YES;
				ENABLE_TESTABILITY = YES;
				ENABLE_USER_SCRIPT_SANDBOXING = YES;
				GCC_C_LANGUAGE_STANDARD = gnu17;
				GCC_DYNAMIC_NO_PIC = NO;
				GCC_NO_COMMON_BLOCKS = YES;
				GCC_OPTIMIZATION_LEVEL = 0;
				GCC_PREPROCESSOR_DEFINITIONS = (
					"DEBUG=1",
					"$(inherited)",
				);
				GCC_WARN_64_TO_32_BIT_CONVERSION = YES;
				GCC_WARN_ABOUT_RETURN_TYPE = YES_ERROR;
				GCC_WARN_UNDECLARED_SELECTOR = YES;
				GCC_WARN_UNINITIALIZED_AUTOS = YES_AGGRESSIVE;
				GCC_WARN_UNUSED_FUNCTION = YES;
				GCC_WARN_UNUSED_VARIABLE = YES;
				IPHONEOS_DEPLOYMENT_TARGET = 17.5;
				LOCALIZATION_PREFERS_STRING_CATALOGS = YES;
				MTL_ENABLE_DEBUG_INFO = INCLUDE_SOURCE;
				MTL_FAST_MATH = YES;
				ONLY_ACTIVE_ARCH = YES;
				SDKROOT = iphoneos;
				SWIFT_ACTIVE_COMPILATION_CONDITIONS = "DEBUG $(inherited)";
				SWIFT_OPTIMIZATION_LEVEL = "-Onone";
			};
			name = Develop;
		};
		835BD3052CA414550088CA02 /* Develop */ = {
			isa = XCBuildConfiguration;
			baseConfigurationReference = 04E2362154E42F3944BE8219 /* Pods-Nomad-Learner.develop.xcconfig */;
			buildSettings = {
				ASSETCATALOG_COMPILER_APPICON_NAME = AppIcon;
				ASSETCATALOG_COMPILER_GLOBAL_ACCENT_COLOR_NAME = AccentColor;
				CODE_SIGN_ENTITLEMENTS = "Nomad-Learner/Nomad-Learner.entitlements";
				"CODE_SIGN_IDENTITY[sdk=iphoneos*]" = "iPhone Developer";
				CODE_SIGN_STYLE = Manual;
				CURRENT_PROJECT_VERSION = 1;
				DEVELOPMENT_TEAM = "";
				"DEVELOPMENT_TEAM[sdk=iphoneos*]" = L35MVZ453P;
				ENABLE_USER_SCRIPT_SANDBOXING = NO;
				GENERATE_INFOPLIST_FILE = YES;
				INFOPLIST_FILE = "Nomad-Learner/Info.plist";
				INFOPLIST_KEY_UIApplicationSupportsIndirectInputEvents = YES;
				INFOPLIST_KEY_UILaunchStoryboardName = LaunchScreen;
				INFOPLIST_KEY_UISupportedInterfaceOrientations_iPad = "UIInterfaceOrientationPortrait UIInterfaceOrientationPortraitUpsideDown UIInterfaceOrientationLandscapeLeft UIInterfaceOrientationLandscapeRight";
				INFOPLIST_KEY_UISupportedInterfaceOrientations_iPhone = "UIInterfaceOrientationPortrait UIInterfaceOrientationLandscapeLeft UIInterfaceOrientationLandscapeRight UIInterfaceOrientationPortraitUpsideDown";
				LD_RUNPATH_SEARCH_PATHS = (
					"$(inherited)",
					"@executable_path/Frameworks",
				);
				MARKETING_VERSION = 1.0;
				PRODUCT_BUNDLE_IDENTIFIER = "com.kenta-suzuki.Nomad-LearnerDev";
				PRODUCT_NAME = "Nomad-Learner";
				PROVISIONING_PROFILE_SPECIFIER = "";
				"PROVISIONING_PROFILE_SPECIFIER[sdk=iphoneos*]" = "Nomad-LearnerDevProfile";
				SWIFT_ACTIVE_COMPILATION_CONDITIONS = DEVELOP;
				SWIFT_EMIT_LOC_STRINGS = YES;
				SWIFT_VERSION = 5.0;
				TARGETED_DEVICE_FAMILY = "1,2";
			};
			name = Develop;
		};
/* End XCBuildConfiguration section */

/* Begin XCConfigurationList section */
		835BD2E82CA413560088CA02 /* Build configuration list for PBXProject "Nomad-Learner" */ = {
			isa = XCConfigurationList;
			buildConfigurations = (
				835BD3042CA414550088CA02 /* Develop */,
				835BD3002CA413570088CA02 /* Release */,
			);
			defaultConfigurationIsVisible = 0;
			defaultConfigurationName = Release;
		};
		835BD3012CA413570088CA02 /* Build configuration list for PBXNativeTarget "Nomad-Learner" */ = {
			isa = XCConfigurationList;
			buildConfigurations = (
				835BD3052CA414550088CA02 /* Develop */,
				835BD3032CA413570088CA02 /* Release */,
			);
			defaultConfigurationIsVisible = 0;
			defaultConfigurationName = Release;
		};
/* End XCConfigurationList section */
	};
	rootObject = 835BD2E52CA413560088CA02 /* Project object */;
}
