// !$*UTF8*$!
{
	archiveVersion = 1;
	classes = {
	};
	objectVersion = 56;
	objects = {

/* Begin PBXBuildFile section */
		8304A0E22CA5123300061B33 /* AuthViewController.swift in Sources */ = {isa = PBXBuildFile; fileRef = 8304A0E12CA5123300061B33 /* AuthViewController.swift */; };
		8304A0E42CA5437800061B33 /* GoogleService-Info-Nomad-LearnerDev.plist in Resources */ = {isa = PBXBuildFile; fileRef = 8304A0E32CA5437800061B33 /* GoogleService-Info-Nomad-LearnerDev.plist */; };
		8304A0E62CA546F700061B33 /* GoogleService-Info-Nomad-Learner.plist in Resources */ = {isa = PBXBuildFile; fileRef = 8304A0E52CA546F700061B33 /* GoogleService-Info-Nomad-Learner.plist */; };
		835BD2F12CA413560088CA02 /* AppDelegate.swift in Sources */ = {isa = PBXBuildFile; fileRef = 835BD2F02CA413560088CA02 /* AppDelegate.swift */; };
		835BD2F32CA413560088CA02 /* SceneDelegate.swift in Sources */ = {isa = PBXBuildFile; fileRef = 835BD2F22CA413560088CA02 /* SceneDelegate.swift */; };
		835BD2FA2CA413570088CA02 /* Assets.xcassets in Resources */ = {isa = PBXBuildFile; fileRef = 835BD2F92CA413570088CA02 /* Assets.xcassets */; };
		835BD2FD2CA413570088CA02 /* Base in Resources */ = {isa = PBXBuildFile; fileRef = 835BD2FC2CA413570088CA02 /* Base */; };
		835BD3072CA423FB0088CA02 /* APIKeys.swift in Sources */ = {isa = PBXBuildFile; fileRef = 835BD3062CA423FB0088CA02 /* APIKeys.swift */; };
		83A9C2BE2CA7BF2200898F0B /* CustomAuthPickerViewController.swift in Sources */ = {isa = PBXBuildFile; fileRef = 83A9C2BD2CA7BF2200898F0B /* CustomAuthPickerViewController.swift */; };
		83A9C2C02CA7C9B700898F0B /* AuthStackView.swift in Sources */ = {isa = PBXBuildFile; fileRef = 83A9C2BF2CA7C9B700898F0B /* AuthStackView.swift */; };
		83A9C2C22CA7D08500898F0B /* AuthTextField.swift in Sources */ = {isa = PBXBuildFile; fileRef = 83A9C2C12CA7D08500898F0B /* AuthTextField.swift */; };
		83A9C2C52CA7DA5000898F0B /* UILabel.swift in Sources */ = {isa = PBXBuildFile; fileRef = 83A9C2C42CA7DA5000898F0B /* UILabel.swift */; };
		83A9C2C92CA8378C00898F0B /* UIConstants.swift in Sources */ = {isa = PBXBuildFile; fileRef = 83A9C2C82CA8378C00898F0B /* UIConstants.swift */; };
		83C9F3B42CA85BC300CF0D73 /* SeparatorWithLabelView.swift in Sources */ = {isa = PBXBuildFile; fileRef = 83C9F3B32CA85BC300CF0D73 /* SeparatorWithLabelView.swift */; };
		83C9F3B62CA907B900CF0D73 /* ColorCodes.swift in Sources */ = {isa = PBXBuildFile; fileRef = 83C9F3B52CA907B900CF0D73 /* ColorCodes.swift */; };
		83C9F3BA2CA9161300CF0D73 /* UITextField.swift in Sources */ = {isa = PBXBuildFile; fileRef = 83C9F3B92CA9161300CF0D73 /* UITextField.swift */; };
		83C9F3BC2CA931F400CF0D73 /* KeyboardManager.swift in Sources */ = {isa = PBXBuildFile; fileRef = 83C9F3BB2CA931F400CF0D73 /* KeyboardManager.swift */; };
		E1B4908C044C675F5B284480 /* Pods_Nomad_Learner.framework in Frameworks */ = {isa = PBXBuildFile; fileRef = B4FC40ED509727A95F858024 /* Pods_Nomad_Learner.framework */; };
/* End PBXBuildFile section */

/* Begin PBXFileReference section */
		04E2362154E42F3944BE8219 /* Pods-Nomad-Learner.develop.xcconfig */ = {isa = PBXFileReference; includeInIndex = 1; lastKnownFileType = text.xcconfig; name = "Pods-Nomad-Learner.develop.xcconfig"; path = "Target Support Files/Pods-Nomad-Learner/Pods-Nomad-Learner.develop.xcconfig"; sourceTree = "<group>"; };
		8304A0D92CA4F83700061B33 /* Nomad-Learner.entitlements */ = {isa = PBXFileReference; lastKnownFileType = text.plist.entitlements; path = "Nomad-Learner.entitlements"; sourceTree = "<group>"; };
		8304A0E12CA5123300061B33 /* AuthViewController.swift */ = {isa = PBXFileReference; lastKnownFileType = sourcecode.swift; path = AuthViewController.swift; sourceTree = "<group>"; };
		8304A0E32CA5437800061B33 /* GoogleService-Info-Nomad-LearnerDev.plist */ = {isa = PBXFileReference; fileEncoding = 4; lastKnownFileType = text.plist.xml; path = "GoogleService-Info-Nomad-LearnerDev.plist"; sourceTree = "<group>"; };
		8304A0E52CA546F700061B33 /* GoogleService-Info-Nomad-Learner.plist */ = {isa = PBXFileReference; fileEncoding = 4; lastKnownFileType = text.plist.xml; path = "GoogleService-Info-Nomad-Learner.plist"; sourceTree = "<group>"; };
		835BD2ED2CA413560088CA02 /* Nomad-Learner.app */ = {isa = PBXFileReference; explicitFileType = wrapper.application; includeInIndex = 0; path = "Nomad-Learner.app"; sourceTree = BUILT_PRODUCTS_DIR; };
		835BD2F02CA413560088CA02 /* AppDelegate.swift */ = {isa = PBXFileReference; lastKnownFileType = sourcecode.swift; path = AppDelegate.swift; sourceTree = "<group>"; };
		835BD2F22CA413560088CA02 /* SceneDelegate.swift */ = {isa = PBXFileReference; lastKnownFileType = sourcecode.swift; path = SceneDelegate.swift; sourceTree = "<group>"; };
		835BD2F92CA413570088CA02 /* Assets.xcassets */ = {isa = PBXFileReference; lastKnownFileType = folder.assetcatalog; path = Assets.xcassets; sourceTree = "<group>"; };
		835BD2FC2CA413570088CA02 /* Base */ = {isa = PBXFileReference; lastKnownFileType = file.storyboard; name = Base; path = Base.lproj/LaunchScreen.storyboard; sourceTree = "<group>"; };
		835BD2FE2CA413570088CA02 /* Info.plist */ = {isa = PBXFileReference; lastKnownFileType = text.plist.xml; path = Info.plist; sourceTree = "<group>"; };
		835BD3062CA423FB0088CA02 /* APIKeys.swift */ = {isa = PBXFileReference; lastKnownFileType = sourcecode.swift; path = APIKeys.swift; sourceTree = "<group>"; };
		83A9C2BD2CA7BF2200898F0B /* CustomAuthPickerViewController.swift */ = {isa = PBXFileReference; lastKnownFileType = sourcecode.swift; path = CustomAuthPickerViewController.swift; sourceTree = "<group>"; };
		83A9C2BF2CA7C9B700898F0B /* AuthStackView.swift */ = {isa = PBXFileReference; lastKnownFileType = sourcecode.swift; path = AuthStackView.swift; sourceTree = "<group>"; };
		83A9C2C12CA7D08500898F0B /* AuthTextField.swift */ = {isa = PBXFileReference; lastKnownFileType = sourcecode.swift; path = AuthTextField.swift; sourceTree = "<group>"; };
		83A9C2C42CA7DA5000898F0B /* UILabel.swift */ = {isa = PBXFileReference; lastKnownFileType = sourcecode.swift; path = UILabel.swift; sourceTree = "<group>"; };
		83A9C2C82CA8378C00898F0B /* UIConstants.swift */ = {isa = PBXFileReference; lastKnownFileType = sourcecode.swift; path = UIConstants.swift; sourceTree = "<group>"; };
		83C9F3B32CA85BC300CF0D73 /* SeparatorWithLabelView.swift */ = {isa = PBXFileReference; lastKnownFileType = sourcecode.swift; path = SeparatorWithLabelView.swift; sourceTree = "<group>"; };
		83C9F3B52CA907B900CF0D73 /* ColorCodes.swift */ = {isa = PBXFileReference; lastKnownFileType = sourcecode.swift; path = ColorCodes.swift; sourceTree = "<group>"; };
		83C9F3B92CA9161300CF0D73 /* UITextField.swift */ = {isa = PBXFileReference; lastKnownFileType = sourcecode.swift; path = UITextField.swift; sourceTree = "<group>"; };
		83C9F3BB2CA931F400CF0D73 /* KeyboardManager.swift */ = {isa = PBXFileReference; lastKnownFileType = sourcecode.swift; path = KeyboardManager.swift; sourceTree = "<group>"; };
		A2D42D523F052595228AA30F /* Pods-Nomad-Learner.release.xcconfig */ = {isa = PBXFileReference; includeInIndex = 1; lastKnownFileType = text.xcconfig; name = "Pods-Nomad-Learner.release.xcconfig"; path = "Target Support Files/Pods-Nomad-Learner/Pods-Nomad-Learner.release.xcconfig"; sourceTree = "<group>"; };
		B4FC40ED509727A95F858024 /* Pods_Nomad_Learner.framework */ = {isa = PBXFileReference; explicitFileType = wrapper.framework; includeInIndex = 0; path = Pods_Nomad_Learner.framework; sourceTree = BUILT_PRODUCTS_DIR; };
/* End PBXFileReference section */

/* Begin PBXFrameworksBuildPhase section */
		835BD2EA2CA413560088CA02 /* Frameworks */ = {
			isa = PBXFrameworksBuildPhase;
			buildActionMask = 2147483647;
			files = (
				E1B4908C044C675F5B284480 /* Pods_Nomad_Learner.framework in Frameworks */,
			);
			runOnlyForDeploymentPostprocessing = 0;
		};
/* End PBXFrameworksBuildPhase section */

/* Begin PBXGroup section */
		8304A0DC2CA50DB100061B33 /* View */ = {
			isa = PBXGroup;
			children = (
				8304A0E02CA5118700061B33 /* Components */,
				8304A0DF2CA5113700061B33 /* Pages */,
			);
			path = View;
			sourceTree = "<group>";
		};
		8304A0DD2CA50E3200061B33 /* ViewModel */ = {
			isa = PBXGroup;
			children = (
			);
			path = ViewModel;
			sourceTree = "<group>";
		};
		8304A0DE2CA50E3700061B33 /* Model */ = {
			isa = PBXGroup;
			children = (
			);
			path = Model;
			sourceTree = "<group>";
		};
		8304A0DF2CA5113700061B33 /* Pages */ = {
			isa = PBXGroup;
			children = (
				8304A0E12CA5123300061B33 /* AuthViewController.swift */,
				83A9C2BD2CA7BF2200898F0B /* CustomAuthPickerViewController.swift */,
			);
			path = Pages;
			sourceTree = "<group>";
		};
		8304A0E02CA5118700061B33 /* Components */ = {
			isa = PBXGroup;
			children = (
				83A9C2BC2CA7BE6200898F0B /* Auth */,
			);
			path = Components;
			sourceTree = "<group>";
		};
		835BD2E42CA413560088CA02 = {
			isa = PBXGroup;
			children = (
				835BD2EF2CA413560088CA02 /* Nomad-Learner */,
				835BD2EE2CA413560088CA02 /* Products */,
				D409FDF61F0D67B5CE982948 /* Pods */,
				9F7F78C28391D8E8BBF1166B /* Frameworks */,
			);
			sourceTree = "<group>";
		};
		835BD2EE2CA413560088CA02 /* Products */ = {
			isa = PBXGroup;
			children = (
				835BD2ED2CA413560088CA02 /* Nomad-Learner.app */,
			);
			name = Products;
			sourceTree = "<group>";
		};
		835BD2EF2CA413560088CA02 /* Nomad-Learner */ = {
			isa = PBXGroup;
			children = (
				83A9C2C32CA7D61600898F0B /* Utils */,
				8304A0DE2CA50E3700061B33 /* Model */,
				8304A0DD2CA50E3200061B33 /* ViewModel */,
				8304A0DC2CA50DB100061B33 /* View */,
				8304A0D92CA4F83700061B33 /* Nomad-Learner.entitlements */,
				835BD30D2CA4EB920088CA02 /* Configurations */,
				835BD2F02CA413560088CA02 /* AppDelegate.swift */,
				835BD2F22CA413560088CA02 /* SceneDelegate.swift */,
				835BD3082CA424020088CA02 /* APIKeys */,
				835BD2F92CA413570088CA02 /* Assets.xcassets */,
				835BD2FB2CA413570088CA02 /* LaunchScreen.storyboard */,
				835BD2FE2CA413570088CA02 /* Info.plist */,
			);
			path = "Nomad-Learner";
			sourceTree = "<group>";
		};
		835BD3082CA424020088CA02 /* APIKeys */ = {
			isa = PBXGroup;
			children = (
				835BD3062CA423FB0088CA02 /* APIKeys.swift */,
			);
			path = APIKeys;
			sourceTree = "<group>";
		};
		835BD30D2CA4EB920088CA02 /* Configurations */ = {
			isa = PBXGroup;
			children = (
				8304A0E52CA546F700061B33 /* GoogleService-Info-Nomad-Learner.plist */,
				8304A0E32CA5437800061B33 /* GoogleService-Info-Nomad-LearnerDev.plist */,
			);
			path = Configurations;
			sourceTree = "<group>";
		};
		83A9C2BC2CA7BE6200898F0B /* Auth */ = {
			isa = PBXGroup;
			children = (
				83A9C2BF2CA7C9B700898F0B /* AuthStackView.swift */,
				83A9C2C12CA7D08500898F0B /* AuthTextField.swift */,
				83C9F3B32CA85BC300CF0D73 /* SeparatorWithLabelView.swift */,
			);
			path = Auth;
			sourceTree = "<group>";
		};
		83A9C2C32CA7D61600898F0B /* Utils */ = {
			isa = PBXGroup;
			children = (
				83C9F3B82CA915EF00CF0D73 /* Extension */,
				83A9C2C82CA8378C00898F0B /* UIConstants.swift */,
				83C9F3BB2CA931F400CF0D73 /* KeyboardManager.swift */,
				83C9F3B52CA907B900CF0D73 /* ColorCodes.swift */,
			);
			path = Utils;
			sourceTree = "<group>";
		};
		83C9F3B82CA915EF00CF0D73 /* Extension */ = {
			isa = PBXGroup;
			children = (
				83A9C2C42CA7DA5000898F0B /* UILabel.swift */,
				83C9F3B92CA9161300CF0D73 /* UITextField.swift */,
			);
			path = Extension;
			sourceTree = "<group>";
		};
		9F7F78C28391D8E8BBF1166B /* Frameworks */ = {
			isa = PBXGroup;
			children = (
				B4FC40ED509727A95F858024 /* Pods_Nomad_Learner.framework */,
			);
			name = Frameworks;
			sourceTree = "<group>";
		};
		D409FDF61F0D67B5CE982948 /* Pods */ = {
			isa = PBXGroup;
			children = (
				04E2362154E42F3944BE8219 /* Pods-Nomad-Learner.develop.xcconfig */,
				A2D42D523F052595228AA30F /* Pods-Nomad-Learner.release.xcconfig */,
			);
			path = Pods;
			sourceTree = "<group>";
		};
/* End PBXGroup section */

/* Begin PBXNativeTarget section */
		835BD2EC2CA413560088CA02 /* Nomad-Learner */ = {
			isa = PBXNativeTarget;
			buildConfigurationList = 835BD3012CA413570088CA02 /* Build configuration list for PBXNativeTarget "Nomad-Learner" */;
			buildPhases = (
				26571E9819DC7107C7A56922 /* [CP] Check Pods Manifest.lock */,
				835BD2E92CA413560088CA02 /* Sources */,
				835BD2EA2CA413560088CA02 /* Frameworks */,
				835BD2EB2CA413560088CA02 /* Resources */,
				9763FD8E10C4CBF809C77ECB /* [CP] Embed Pods Frameworks */,
				C759022AFA891B2DAE3297AB /* [CP] Copy Pods Resources */,
				835BD3122CA4ECA80088CA02 /* Copy GoogleService-info.json */,
			);
			buildRules = (
			);
			dependencies = (
			);
			name = "Nomad-Learner";
			productName = "Nomad-Learner";
			productReference = 835BD2ED2CA413560088CA02 /* Nomad-Learner.app */;
			productType = "com.apple.product-type.application";
		};
/* End PBXNativeTarget section */

/* Begin PBXProject section */
		835BD2E52CA413560088CA02 /* Project object */ = {
			isa = PBXProject;
			attributes = {
				BuildIndependentTargetsInParallel = 1;
				LastSwiftUpdateCheck = 1540;
				LastUpgradeCheck = 1540;
				TargetAttributes = {
					835BD2EC2CA413560088CA02 = {
						CreatedOnToolsVersion = 15.4;
					};
				};
			};
			buildConfigurationList = 835BD2E82CA413560088CA02 /* Build configuration list for PBXProject "Nomad-Learner" */;
			compatibilityVersion = "Xcode 14.0";
			developmentRegion = en;
			hasScannedForEncodings = 0;
			knownRegions = (
				en,
				Base,
			);
			mainGroup = 835BD2E42CA413560088CA02;
			productRefGroup = 835BD2EE2CA413560088CA02 /* Products */;
			projectDirPath = "";
			projectRoot = "";
			targets = (
				835BD2EC2CA413560088CA02 /* Nomad-Learner */,
			);
		};
/* End PBXProject section */

/* Begin PBXResourcesBuildPhase section */
		835BD2EB2CA413560088CA02 /* Resources */ = {
			isa = PBXResourcesBuildPhase;
			buildActionMask = 2147483647;
			files = (
				835BD2FA2CA413570088CA02 /* Assets.xcassets in Resources */,
				8304A0E62CA546F700061B33 /* GoogleService-Info-Nomad-Learner.plist in Resources */,
				835BD2FD2CA413570088CA02 /* Base in Resources */,
				8304A0E42CA5437800061B33 /* GoogleService-Info-Nomad-LearnerDev.plist in Resources */,
			);
			runOnlyForDeploymentPostprocessing = 0;
		};
/* End PBXResourcesBuildPhase section */

/* Begin PBXShellScriptBuildPhase section */
		26571E9819DC7107C7A56922 /* [CP] Check Pods Manifest.lock */ = {
			isa = PBXShellScriptBuildPhase;
			buildActionMask = 2147483647;
			files = (
			);
			inputFileListPaths = (
			);
			inputPaths = (
				"${PODS_PODFILE_DIR_PATH}/Podfile.lock",
				"${PODS_ROOT}/Manifest.lock",
			);
			name = "[CP] Check Pods Manifest.lock";
			outputFileListPaths = (
			);
			outputPaths = (
				"$(DERIVED_FILE_DIR)/Pods-Nomad-Learner-checkManifestLockResult.txt",
			);
			runOnlyForDeploymentPostprocessing = 0;
			shellPath = /bin/sh;
			shellScript = "diff \"${PODS_PODFILE_DIR_PATH}/Podfile.lock\" \"${PODS_ROOT}/Manifest.lock\" > /dev/null\nif [ $? != 0 ] ; then\n    # print error to STDERR\n    echo \"error: The sandbox is not in sync with the Podfile.lock. Run 'pod install' or update your CocoaPods installation.\" >&2\n    exit 1\nfi\n# This output is used by Xcode 'outputs' to avoid re-running this script phase.\necho \"SUCCESS\" > \"${SCRIPT_OUTPUT_FILE_0}\"\n";
			showEnvVarsInLog = 0;
		};
		835BD3122CA4ECA80088CA02 /* Copy GoogleService-info.json */ = {
			isa = PBXShellScriptBuildPhase;
			buildActionMask = 2147483647;
			files = (
			);
			inputFileListPaths = (
			);
			inputPaths = (
			);
			name = "Copy GoogleService-info.json";
			outputFileListPaths = (
			);
			outputPaths = (
			);
			runOnlyForDeploymentPostprocessing = 0;
			shellPath = /bin/sh;
			shellScript = "# Type a script or drag a script file from your workspace to insert its path.\nif [ \"${CONFIGURATION}\" = \"Develop\" ]; then\n    cp \"${PROJECT_DIR}/${PROJECT_NAME}/Configurations/GoogleService-Info-Nomad-LearnerDev.plist\" \"${BUILT_PRODUCTS_DIR}/${PRODUCT_NAME}.app/GoogleService-Info.plist\"\n    echo \"GoogleService-Info-Nomad-LearnerDev.plist copied.\"\nelif [ \"${CONFIGURATION}\" = \"Release\" ]; then\n    cp \"${PROJECT_DIR}/${PROJECT_NAME}/Configurations/GoogleService-Info-Nomad-Learner.plist\" \"${BUILT_PRODUCTS_DIR}/${PRODUCT_NAME}.app/GoogleService-Info.plist\"\n    echo \"GoogleService-Info-Nomad-Learner copied.\"\nfi\n";
		};
		9763FD8E10C4CBF809C77ECB /* [CP] Embed Pods Frameworks */ = {
			isa = PBXShellScriptBuildPhase;
			buildActionMask = 2147483647;
			files = (
			);
			inputFileListPaths = (
				"${PODS_ROOT}/Target Support Files/Pods-Nomad-Learner/Pods-Nomad-Learner-frameworks-${CONFIGURATION}-input-files.xcfilelist",
			);
			name = "[CP] Embed Pods Frameworks";
			outputFileListPaths = (
				"${PODS_ROOT}/Target Support Files/Pods-Nomad-Learner/Pods-Nomad-Learner-frameworks-${CONFIGURATION}-output-files.xcfilelist",
			);
			runOnlyForDeploymentPostprocessing = 0;
			shellPath = /bin/sh;
			shellScript = "\"${PODS_ROOT}/Target Support Files/Pods-Nomad-Learner/Pods-Nomad-Learner-frameworks.sh\"\n";
			showEnvVarsInLog = 0;
		};
		C759022AFA891B2DAE3297AB /* [CP] Copy Pods Resources */ = {
			isa = PBXShellScriptBuildPhase;
			buildActionMask = 2147483647;
			files = (
			);
			inputFileListPaths = (
				"${PODS_ROOT}/Target Support Files/Pods-Nomad-Learner/Pods-Nomad-Learner-resources-${CONFIGURATION}-input-files.xcfilelist",
			);
			name = "[CP] Copy Pods Resources";
			outputFileListPaths = (
				"${PODS_ROOT}/Target Support Files/Pods-Nomad-Learner/Pods-Nomad-Learner-resources-${CONFIGURATION}-output-files.xcfilelist",
			);
			runOnlyForDeploymentPostprocessing = 0;
			shellPath = /bin/sh;
			shellScript = "\"${PODS_ROOT}/Target Support Files/Pods-Nomad-Learner/Pods-Nomad-Learner-resources.sh\"\n";
			showEnvVarsInLog = 0;
		};
/* End PBXShellScriptBuildPhase section */

/* Begin PBXSourcesBuildPhase section */
		835BD2E92CA413560088CA02 /* Sources */ = {
			isa = PBXSourcesBuildPhase;
			buildActionMask = 2147483647;
			files = (
				835BD2F12CA413560088CA02 /* AppDelegate.swift in Sources */,
				8304A0E22CA5123300061B33 /* AuthViewController.swift in Sources */,
				83A9C2C22CA7D08500898F0B /* AuthTextField.swift in Sources */,
				83C9F3BA2CA9161300CF0D73 /* UITextField.swift in Sources */,
				83C9F3B42CA85BC300CF0D73 /* SeparatorWithLabelView.swift in Sources */,
				83C9F3B62CA907B900CF0D73 /* ColorCodes.swift in Sources */,
				83C9F3BC2CA931F400CF0D73 /* KeyboardManager.swift in Sources */,
				83A9C2BE2CA7BF2200898F0B /* CustomAuthPickerViewController.swift in Sources */,
				835BD3072CA423FB0088CA02 /* APIKeys.swift in Sources */,
				835BD2F32CA413560088CA02 /* SceneDelegate.swift in Sources */,
				83A9C2C92CA8378C00898F0B /* UIConstants.swift in Sources */,
				83A9C2C02CA7C9B700898F0B /* AuthStackView.swift in Sources */,
				83A9C2C52CA7DA5000898F0B /* UILabel.swift in Sources */,
			);
			runOnlyForDeploymentPostprocessing = 0;
		};
/* End PBXSourcesBuildPhase section */

/* Begin PBXVariantGroup section */
		835BD2FB2CA413570088CA02 /* LaunchScreen.storyboard */ = {
			isa = PBXVariantGroup;
			children = (
				835BD2FC2CA413570088CA02 /* Base */,
			);
			name = LaunchScreen.storyboard;
			sourceTree = "<group>";
		};
/* End PBXVariantGroup section */

/* Begin XCBuildConfiguration section */
		835BD3002CA413570088CA02 /* Release */ = {
			isa = XCBuildConfiguration;
			buildSettings = {
				ALWAYS_SEARCH_USER_PATHS = NO;
				ASSETCATALOG_COMPILER_GENERATE_SWIFT_ASSET_SYMBOL_EXTENSIONS = YES;
				CLANG_ANALYZER_NONNULL = YES;
				CLANG_ANALYZER_NUMBER_OBJECT_CONVERSION = YES_AGGRESSIVE;
				CLANG_CXX_LANGUAGE_STANDARD = "gnu++20";
				CLANG_ENABLE_MODULES = YES;
				CLANG_ENABLE_OBJC_ARC = YES;
				CLANG_ENABLE_OBJC_WEAK = YES;
				CLANG_WARN_BLOCK_CAPTURE_AUTORELEASING = YES;
				CLANG_WARN_BOOL_CONVERSION = YES;
				CLANG_WARN_COMMA = YES;
				CLANG_WARN_CONSTANT_CONVERSION = YES;
				CLANG_WARN_DEPRECATED_OBJC_IMPLEMENTATIONS = YES;
				CLANG_WARN_DIRECT_OBJC_ISA_USAGE = YES_ERROR;
				CLANG_WARN_DOCUMENTATION_COMMENTS = YES;
				CLANG_WARN_EMPTY_BODY = YES;
				CLANG_WARN_ENUM_CONVERSION = YES;
				CLANG_WARN_INFINITE_RECURSION = YES;
				CLANG_WARN_INT_CONVERSION = YES;
				CLANG_WARN_NON_LITERAL_NULL_CONVERSION = YES;
				CLANG_WARN_OBJC_IMPLICIT_RETAIN_SELF = YES;
				CLANG_WARN_OBJC_LITERAL_CONVERSION = YES;
				CLANG_WARN_OBJC_ROOT_CLASS = YES_ERROR;
				CLANG_WARN_QUOTED_INCLUDE_IN_FRAMEWORK_HEADER = YES;
				CLANG_WARN_RANGE_LOOP_ANALYSIS = YES;
				CLANG_WARN_STRICT_PROTOTYPES = YES;
				CLANG_WARN_SUSPICIOUS_MOVE = YES;
				CLANG_WARN_UNGUARDED_AVAILABILITY = YES_AGGRESSIVE;
				CLANG_WARN_UNREACHABLE_CODE = YES;
				CLANG_WARN__DUPLICATE_METHOD_MATCH = YES;
				COPY_PHASE_STRIP = NO;
				DEBUG_INFORMATION_FORMAT = "dwarf-with-dsym";
				ENABLE_NS_ASSERTIONS = NO;
				ENABLE_STRICT_OBJC_MSGSEND = YES;
				ENABLE_USER_SCRIPT_SANDBOXING = YES;
				GCC_C_LANGUAGE_STANDARD = gnu17;
				GCC_NO_COMMON_BLOCKS = YES;
				GCC_WARN_64_TO_32_BIT_CONVERSION = YES;
				GCC_WARN_ABOUT_RETURN_TYPE = YES_ERROR;
				GCC_WARN_UNDECLARED_SELECTOR = YES;
				GCC_WARN_UNINITIALIZED_AUTOS = YES_AGGRESSIVE;
				GCC_WARN_UNUSED_FUNCTION = YES;
				GCC_WARN_UNUSED_VARIABLE = YES;
				IPHONEOS_DEPLOYMENT_TARGET = 17.5;
				LOCALIZATION_PREFERS_STRING_CATALOGS = YES;
				MTL_ENABLE_DEBUG_INFO = NO;
				MTL_FAST_MATH = YES;
				SDKROOT = iphoneos;
				SWIFT_COMPILATION_MODE = wholemodule;
				VALIDATE_PRODUCT = YES;
			};
			name = Release;
		};
		835BD3032CA413570088CA02 /* Release */ = {
			isa = XCBuildConfiguration;
			baseConfigurationReference = A2D42D523F052595228AA30F /* Pods-Nomad-Learner.release.xcconfig */;
			buildSettings = {
				ASSETCATALOG_COMPILER_APPICON_NAME = AppIcon;
				ASSETCATALOG_COMPILER_GLOBAL_ACCENT_COLOR_NAME = AccentColor;
				CODE_SIGN_ENTITLEMENTS = "Nomad-Learner/Nomad-Learner.entitlements";
				"CODE_SIGN_IDENTITY[sdk=iphoneos*]" = "iPhone Distribution";
				CODE_SIGN_STYLE = Manual;
				CURRENT_PROJECT_VERSION = 1;
				DEVELOPMENT_TEAM = "";
				"DEVELOPMENT_TEAM[sdk=iphoneos*]" = L35MVZ453P;
				ENABLE_USER_SCRIPT_SANDBOXING = NO;
				GENERATE_INFOPLIST_FILE = YES;
				INFOPLIST_FILE = "Nomad-Learner/Info.plist";
				INFOPLIST_KEY_UIApplicationSupportsIndirectInputEvents = YES;
				INFOPLIST_KEY_UILaunchStoryboardName = LaunchScreen;
				INFOPLIST_KEY_UISupportedInterfaceOrientations_iPad = "UIInterfaceOrientationPortrait UIInterfaceOrientationPortraitUpsideDown UIInterfaceOrientationLandscapeLeft UIInterfaceOrientationLandscapeRight";
				INFOPLIST_KEY_UISupportedInterfaceOrientations_iPhone = "UIInterfaceOrientationPortrait UIInterfaceOrientationLandscapeLeft UIInterfaceOrientationLandscapeRight";
				LD_RUNPATH_SEARCH_PATHS = (
					"$(inherited)",
					"@executable_path/Frameworks",
				);
				MARKETING_VERSION = 1.0;
				PRODUCT_BUNDLE_IDENTIFIER = "com.kenta-suzuki.Nomad-Learner";
				PRODUCT_NAME = "Nomad-Learner";
				PROVISIONING_PROFILE_SPECIFIER = "";
				"PROVISIONING_PROFILE_SPECIFIER[sdk=iphoneos*]" = "Nomad-LearnerProfile";
				SWIFT_ACTIVE_COMPILATION_CONDITIONS = RELEASE;
				SWIFT_EMIT_LOC_STRINGS = YES;
				SWIFT_VERSION = 5.0;
				TARGETED_DEVICE_FAMILY = "1,2";
			};
			name = Release;
		};
		835BD3042CA414550088CA02 /* Develop */ = {
			isa = XCBuildConfiguration;
			buildSettings = {
				ALWAYS_SEARCH_USER_PATHS = NO;
				ASSETCATALOG_COMPILER_GENERATE_SWIFT_ASSET_SYMBOL_EXTENSIONS = YES;
				CLANG_ANALYZER_NONNULL = YES;
				CLANG_ANALYZER_NUMBER_OBJECT_CONVERSION = YES_AGGRESSIVE;
				CLANG_CXX_LANGUAGE_STANDARD = "gnu++20";
				CLANG_ENABLE_MODULES = YES;
				CLANG_ENABLE_OBJC_ARC = YES;
				CLANG_ENABLE_OBJC_WEAK = YES;
				CLANG_WARN_BLOCK_CAPTURE_AUTORELEASING = YES;
				CLANG_WARN_BOOL_CONVERSION = YES;
				CLANG_WARN_COMMA = YES;
				CLANG_WARN_CONSTANT_CONVERSION = YES;
				CLANG_WARN_DEPRECATED_OBJC_IMPLEMENTATIONS = YES;
				CLANG_WARN_DIRECT_OBJC_ISA_USAGE = YES_ERROR;
				CLANG_WARN_DOCUMENTATION_COMMENTS = YES;
				CLANG_WARN_EMPTY_BODY = YES;
				CLANG_WARN_ENUM_CONVERSION = YES;
				CLANG_WARN_INFINITE_RECURSION = YES;
				CLANG_WARN_INT_CONVERSION = YES;
				CLANG_WARN_NON_LITERAL_NULL_CONVERSION = YES;
				CLANG_WARN_OBJC_IMPLICIT_RETAIN_SELF = YES;
				CLANG_WARN_OBJC_LITERAL_CONVERSION = YES;
				CLANG_WARN_OBJC_ROOT_CLASS = YES_ERROR;
				CLANG_WARN_QUOTED_INCLUDE_IN_FRAMEWORK_HEADER = YES;
				CLANG_WARN_RANGE_LOOP_ANALYSIS = YES;
				CLANG_WARN_STRICT_PROTOTYPES = YES;
				CLANG_WARN_SUSPICIOUS_MOVE = YES;
				CLANG_WARN_UNGUARDED_AVAILABILITY = YES_AGGRESSIVE;
				CLANG_WARN_UNREACHABLE_CODE = YES;
				CLANG_WARN__DUPLICATE_METHOD_MATCH = YES;
				COPY_PHASE_STRIP = NO;
				DEBUG_INFORMATION_FORMAT = dwarf;
				ENABLE_STRICT_OBJC_MSGSEND = YES;
				ENABLE_TESTABILITY = YES;
				ENABLE_USER_SCRIPT_SANDBOXING = YES;
				GCC_C_LANGUAGE_STANDARD = gnu17;
				GCC_DYNAMIC_NO_PIC = NO;
				GCC_NO_COMMON_BLOCKS = YES;
				GCC_OPTIMIZATION_LEVEL = 0;
				GCC_PREPROCESSOR_DEFINITIONS = (
					"DEBUG=1",
					"$(inherited)",
				);
				GCC_WARN_64_TO_32_BIT_CONVERSION = YES;
				GCC_WARN_ABOUT_RETURN_TYPE = YES_ERROR;
				GCC_WARN_UNDECLARED_SELECTOR = YES;
				GCC_WARN_UNINITIALIZED_AUTOS = YES_AGGRESSIVE;
				GCC_WARN_UNUSED_FUNCTION = YES;
				GCC_WARN_UNUSED_VARIABLE = YES;
				IPHONEOS_DEPLOYMENT_TARGET = 17.5;
				LOCALIZATION_PREFERS_STRING_CATALOGS = YES;
				MTL_ENABLE_DEBUG_INFO = INCLUDE_SOURCE;
				MTL_FAST_MATH = YES;
				ONLY_ACTIVE_ARCH = YES;
				SDKROOT = iphoneos;
				SWIFT_ACTIVE_COMPILATION_CONDITIONS = "DEBUG $(inherited)";
				SWIFT_OPTIMIZATION_LEVEL = "-Onone";
			};
			name = Develop;
		};
		835BD3052CA414550088CA02 /* Develop */ = {
			isa = XCBuildConfiguration;
			baseConfigurationReference = 04E2362154E42F3944BE8219 /* Pods-Nomad-Learner.develop.xcconfig */;
			buildSettings = {
				ASSETCATALOG_COMPILER_APPICON_NAME = AppIcon;
				ASSETCATALOG_COMPILER_GLOBAL_ACCENT_COLOR_NAME = AccentColor;
				CODE_SIGN_ENTITLEMENTS = "Nomad-Learner/Nomad-Learner.entitlements";
				"CODE_SIGN_IDENTITY[sdk=iphoneos*]" = "iPhone Developer";
				CODE_SIGN_STYLE = Manual;
				CURRENT_PROJECT_VERSION = 1;
				DEVELOPMENT_TEAM = "";
				"DEVELOPMENT_TEAM[sdk=iphoneos*]" = L35MVZ453P;
				ENABLE_USER_SCRIPT_SANDBOXING = NO;
				GENERATE_INFOPLIST_FILE = YES;
				INFOPLIST_FILE = "Nomad-Learner/Info.plist";
				INFOPLIST_KEY_UIApplicationSupportsIndirectInputEvents = YES;
				INFOPLIST_KEY_UILaunchStoryboardName = LaunchScreen;
				INFOPLIST_KEY_UISupportedInterfaceOrientations_iPad = "UIInterfaceOrientationPortrait UIInterfaceOrientationPortraitUpsideDown UIInterfaceOrientationLandscapeLeft UIInterfaceOrientationLandscapeRight";
				INFOPLIST_KEY_UISupportedInterfaceOrientations_iPhone = "UIInterfaceOrientationPortrait UIInterfaceOrientationLandscapeLeft UIInterfaceOrientationLandscapeRight";
				LD_RUNPATH_SEARCH_PATHS = (
					"$(inherited)",
					"@executable_path/Frameworks",
				);
				MARKETING_VERSION = 1.0;
				PRODUCT_BUNDLE_IDENTIFIER = "com.kenta-suzuki.Nomad-LearnerDev";
				PRODUCT_NAME = "Nomad-Learner";
				PROVISIONING_PROFILE_SPECIFIER = "";
				"PROVISIONING_PROFILE_SPECIFIER[sdk=iphoneos*]" = "Nomad-LearnerDevProfile";
				SWIFT_ACTIVE_COMPILATION_CONDITIONS = DEVELOP;
				SWIFT_EMIT_LOC_STRINGS = YES;
				SWIFT_VERSION = 5.0;
				TARGETED_DEVICE_FAMILY = "1,2";
			};
			name = Develop;
		};
/* End XCBuildConfiguration section */

/* Begin XCConfigurationList section */
		835BD2E82CA413560088CA02 /* Build configuration list for PBXProject "Nomad-Learner" */ = {
			isa = XCConfigurationList;
			buildConfigurations = (
				835BD3042CA414550088CA02 /* Develop */,
				835BD3002CA413570088CA02 /* Release */,
			);
			defaultConfigurationIsVisible = 0;
			defaultConfigurationName = Release;
		};
		835BD3012CA413570088CA02 /* Build configuration list for PBXNativeTarget "Nomad-Learner" */ = {
			isa = XCConfigurationList;
			buildConfigurations = (
				835BD3052CA414550088CA02 /* Develop */,
				835BD3032CA413570088CA02 /* Release */,
			);
			defaultConfigurationIsVisible = 0;
			defaultConfigurationName = Release;
		};
/* End XCConfigurationList section */
	};
	rootObject = 835BD2E52CA413560088CA02 /* Project object */;
}
